// !$*UTF8*$!
{
	archiveVersion = 1;
	classes = {
	};
	objectVersion = 46;
	objects = {

/* Begin PBXBuildFile section */
		0105FD1517C65231005CAD4A /* QuartzCore.framework in Frameworks */ = {isa = PBXBuildFile; fileRef = 0105FD1417C65231005CAD4A /* QuartzCore.framework */; };
		0105FD1717C65231005CAD4A /* OpenGLES.framework in Frameworks */ = {isa = PBXBuildFile; fileRef = 0105FD1617C65231005CAD4A /* OpenGLES.framework */; };
		0105FD1917C65231005CAD4A /* OpenAL.framework in Frameworks */ = {isa = PBXBuildFile; fileRef = 0105FD1817C65231005CAD4A /* OpenAL.framework */; };
		0105FD1B17C65231005CAD4A /* AudioToolbox.framework in Frameworks */ = {isa = PBXBuildFile; fileRef = 0105FD1A17C65231005CAD4A /* AudioToolbox.framework */; };
		0105FD1D17C65231005CAD4A /* AVFoundation.framework in Frameworks */ = {isa = PBXBuildFile; fileRef = 0105FD1C17C65231005CAD4A /* AVFoundation.framework */; };
		0105FD1F17C65231005CAD4A /* UIKit.framework in Frameworks */ = {isa = PBXBuildFile; fileRef = 0105FD1E17C65231005CAD4A /* UIKit.framework */; };
		0105FD2117C65231005CAD4A /* Foundation.framework in Frameworks */ = {isa = PBXBuildFile; fileRef = 0105FD2017C65231005CAD4A /* Foundation.framework */; };
		0105FD2317C65231005CAD4A /* CoreGraphics.framework in Frameworks */ = {isa = PBXBuildFile; fileRef = 0105FD2217C65231005CAD4A /* CoreGraphics.framework */; };
		0105FD2717C65231005CAD4A /* Default.png in Resources */ = {isa = PBXBuildFile; fileRef = 0105FD2617C65231005CAD4A /* Default.png */; };
		0105FD2917C65231005CAD4A /* fps_images.png in Resources */ = {isa = PBXBuildFile; fileRef = 0105FD2817C65231005CAD4A /* fps_images.png */; };
		0105FD2B17C65231005CAD4A /* Icon-72.png in Resources */ = {isa = PBXBuildFile; fileRef = 0105FD2A17C65231005CAD4A /* Icon-72.png */; };
		0105FD2D17C65231005CAD4A /* Icon-Small-50.png in Resources */ = {isa = PBXBuildFile; fileRef = 0105FD2C17C65231005CAD4A /* Icon-Small-50.png */; };
		0105FD2F17C65231005CAD4A /* Icon-Small.png in Resources */ = {isa = PBXBuildFile; fileRef = 0105FD2E17C65231005CAD4A /* Icon-Small.png */; };
		0105FD3117C65231005CAD4A /* Icon-Small@2x.png in Resources */ = {isa = PBXBuildFile; fileRef = 0105FD3017C65231005CAD4A /* Icon-Small@2x.png */; };
		0105FD3317C65231005CAD4A /* Icon.png in Resources */ = {isa = PBXBuildFile; fileRef = 0105FD3217C65231005CAD4A /* Icon.png */; };
		0105FD3517C65231005CAD4A /* Icon@2x.png in Resources */ = {isa = PBXBuildFile; fileRef = 0105FD3417C65231005CAD4A /* Icon@2x.png */; };
		0105FD3817C65231005CAD4A /* iTunesArtwork in Resources */ = {isa = PBXBuildFile; fileRef = 0105FD3717C65231005CAD4A /* iTunesArtwork */; };
		0105FD3D17C65231005CAD4A /* CCAction.m in Sources */ = {isa = PBXBuildFile; fileRef = 0105FD3C17C65231005CAD4A /* CCAction.m */; };
		0105FD4017C65231005CAD4A /* CCActionCamera.m in Sources */ = {isa = PBXBuildFile; fileRef = 0105FD3F17C65231005CAD4A /* CCActionCamera.m */; };
		0105FD4317C65231005CAD4A /* CCActionEase.m in Sources */ = {isa = PBXBuildFile; fileRef = 0105FD4217C65231005CAD4A /* CCActionEase.m */; };
		0105FD4617C65231005CAD4A /* CCActionGrid.m in Sources */ = {isa = PBXBuildFile; fileRef = 0105FD4517C65231005CAD4A /* CCActionGrid.m */; };
		0105FD4917C65231005CAD4A /* CCActionGrid3D.m in Sources */ = {isa = PBXBuildFile; fileRef = 0105FD4817C65231005CAD4A /* CCActionGrid3D.m */; };
		0105FD4C17C65231005CAD4A /* CCActionInstant.m in Sources */ = {isa = PBXBuildFile; fileRef = 0105FD4B17C65231005CAD4A /* CCActionInstant.m */; };
		0105FD4F17C65231005CAD4A /* CCActionInterval.m in Sources */ = {isa = PBXBuildFile; fileRef = 0105FD4E17C65231005CAD4A /* CCActionInterval.m */; };
		0105FD5217C65231005CAD4A /* CCActionManager.m in Sources */ = {isa = PBXBuildFile; fileRef = 0105FD5117C65231005CAD4A /* CCActionManager.m */; };
		0105FD5517C65231005CAD4A /* CCActionPageTurn3D.m in Sources */ = {isa = PBXBuildFile; fileRef = 0105FD5417C65231005CAD4A /* CCActionPageTurn3D.m */; };
		0105FD5817C65231005CAD4A /* CCActionProgressTimer.m in Sources */ = {isa = PBXBuildFile; fileRef = 0105FD5717C65231005CAD4A /* CCActionProgressTimer.m */; };
		0105FD5B17C65231005CAD4A /* CCActionTiledGrid.m in Sources */ = {isa = PBXBuildFile; fileRef = 0105FD5A17C65231005CAD4A /* CCActionTiledGrid.m */; };
		0105FD5E17C65231005CAD4A /* CCActionTween.m in Sources */ = {isa = PBXBuildFile; fileRef = 0105FD5D17C65231005CAD4A /* CCActionTween.m */; };
		0105FD6117C65231005CAD4A /* CCAnimation.m in Sources */ = {isa = PBXBuildFile; fileRef = 0105FD6017C65231005CAD4A /* CCAnimation.m */; };
		0105FD6417C65231005CAD4A /* CCAnimationCache.m in Sources */ = {isa = PBXBuildFile; fileRef = 0105FD6317C65231005CAD4A /* CCAnimationCache.m */; };
		0105FD6717C65231005CAD4A /* CCAtlasNode.m in Sources */ = {isa = PBXBuildFile; fileRef = 0105FD6617C65231005CAD4A /* CCAtlasNode.m */; };
		0105FD6A17C65231005CAD4A /* CCBlockSupport.m in Sources */ = {isa = PBXBuildFile; fileRef = 0105FD6917C65231005CAD4A /* CCBlockSupport.m */; };
		0105FD6D17C65231005CAD4A /* CCCamera.m in Sources */ = {isa = PBXBuildFile; fileRef = 0105FD6C17C65231005CAD4A /* CCCamera.m */; };
		0105FD7117C65231005CAD4A /* CCConfiguration.m in Sources */ = {isa = PBXBuildFile; fileRef = 0105FD7017C65231005CAD4A /* CCConfiguration.m */; };
		0105FD7417C65231005CAD4A /* CCDirector.m in Sources */ = {isa = PBXBuildFile; fileRef = 0105FD7317C65231005CAD4A /* CCDirector.m */; };
		0105FD7717C65231005CAD4A /* CCDrawingPrimitives.m in Sources */ = {isa = PBXBuildFile; fileRef = 0105FD7617C65231005CAD4A /* CCDrawingPrimitives.m */; };
		0105FD7A17C65231005CAD4A /* CCGrabber.m in Sources */ = {isa = PBXBuildFile; fileRef = 0105FD7917C65231005CAD4A /* CCGrabber.m */; };
		0105FD7D17C65231005CAD4A /* CCGrid.m in Sources */ = {isa = PBXBuildFile; fileRef = 0105FD7C17C65231005CAD4A /* CCGrid.m */; };
		0105FD8017C65231005CAD4A /* CCLabelAtlas.m in Sources */ = {isa = PBXBuildFile; fileRef = 0105FD7F17C65231005CAD4A /* CCLabelAtlas.m */; };
		0105FD8317C65231005CAD4A /* CCLabelBMFont.m in Sources */ = {isa = PBXBuildFile; fileRef = 0105FD8217C65231005CAD4A /* CCLabelBMFont.m */; };
		0105FD8617C65231005CAD4A /* CCLabelTTF.m in Sources */ = {isa = PBXBuildFile; fileRef = 0105FD8517C65231005CAD4A /* CCLabelTTF.m */; };
		0105FD8917C65231005CAD4A /* CCLayer.m in Sources */ = {isa = PBXBuildFile; fileRef = 0105FD8817C65231005CAD4A /* CCLayer.m */; };
		0105FD8D17C65231005CAD4A /* CCMenu.m in Sources */ = {isa = PBXBuildFile; fileRef = 0105FD8C17C65231005CAD4A /* CCMenu.m */; };
		0105FD9017C65231005CAD4A /* CCMenuItem.m in Sources */ = {isa = PBXBuildFile; fileRef = 0105FD8F17C65231005CAD4A /* CCMenuItem.m */; };
		0105FD9317C65231005CAD4A /* CCMotionStreak.m in Sources */ = {isa = PBXBuildFile; fileRef = 0105FD9217C65231005CAD4A /* CCMotionStreak.m */; };
		0105FD9617C65231005CAD4A /* CCNode.m in Sources */ = {isa = PBXBuildFile; fileRef = 0105FD9517C65231005CAD4A /* CCNode.m */; };
		0105FD9917C65231005CAD4A /* CCParallaxNode.m in Sources */ = {isa = PBXBuildFile; fileRef = 0105FD9817C65231005CAD4A /* CCParallaxNode.m */; };
		0105FD9C17C65231005CAD4A /* CCParticleBatchNode.m in Sources */ = {isa = PBXBuildFile; fileRef = 0105FD9B17C65231005CAD4A /* CCParticleBatchNode.m */; };
		0105FD9F17C65231005CAD4A /* CCParticleExamples.m in Sources */ = {isa = PBXBuildFile; fileRef = 0105FD9E17C65231005CAD4A /* CCParticleExamples.m */; };
		0105FDA217C65231005CAD4A /* CCParticleSystem.m in Sources */ = {isa = PBXBuildFile; fileRef = 0105FDA117C65231005CAD4A /* CCParticleSystem.m */; };
		0105FDA517C65231005CAD4A /* CCParticleSystemPoint.m in Sources */ = {isa = PBXBuildFile; fileRef = 0105FDA417C65231005CAD4A /* CCParticleSystemPoint.m */; };
		0105FDA817C65232005CAD4A /* CCParticleSystemQuad.m in Sources */ = {isa = PBXBuildFile; fileRef = 0105FDA717C65232005CAD4A /* CCParticleSystemQuad.m */; };
		0105FDAB17C65232005CAD4A /* CCProgressTimer.m in Sources */ = {isa = PBXBuildFile; fileRef = 0105FDAA17C65232005CAD4A /* CCProgressTimer.m */; };
		0105FDAF17C65232005CAD4A /* CCRenderTexture.m in Sources */ = {isa = PBXBuildFile; fileRef = 0105FDAE17C65232005CAD4A /* CCRenderTexture.m */; };
		0105FDB217C65232005CAD4A /* CCRibbon.m in Sources */ = {isa = PBXBuildFile; fileRef = 0105FDB117C65232005CAD4A /* CCRibbon.m */; };
		0105FDB517C65232005CAD4A /* CCScene.m in Sources */ = {isa = PBXBuildFile; fileRef = 0105FDB417C65232005CAD4A /* CCScene.m */; };
		0105FDB817C65232005CAD4A /* CCScheduler.m in Sources */ = {isa = PBXBuildFile; fileRef = 0105FDB717C65232005CAD4A /* CCScheduler.m */; };
		0105FDBB17C65232005CAD4A /* CCSprite.m in Sources */ = {isa = PBXBuildFile; fileRef = 0105FDBA17C65232005CAD4A /* CCSprite.m */; };
		0105FDBE17C65232005CAD4A /* CCSpriteBatchNode.m in Sources */ = {isa = PBXBuildFile; fileRef = 0105FDBD17C65232005CAD4A /* CCSpriteBatchNode.m */; };
		0105FDC117C65232005CAD4A /* CCSpriteFrame.m in Sources */ = {isa = PBXBuildFile; fileRef = 0105FDC017C65232005CAD4A /* CCSpriteFrame.m */; };
		0105FDC417C65232005CAD4A /* CCSpriteFrameCache.m in Sources */ = {isa = PBXBuildFile; fileRef = 0105FDC317C65232005CAD4A /* CCSpriteFrameCache.m */; };
		0105FDC717C65232005CAD4A /* CCTexture2D.m in Sources */ = {isa = PBXBuildFile; fileRef = 0105FDC617C65232005CAD4A /* CCTexture2D.m */; };
		0105FDCA17C65232005CAD4A /* CCTextureAtlas.m in Sources */ = {isa = PBXBuildFile; fileRef = 0105FDC917C65232005CAD4A /* CCTextureAtlas.m */; };
		0105FDCD17C65232005CAD4A /* CCTextureCache.m in Sources */ = {isa = PBXBuildFile; fileRef = 0105FDCC17C65232005CAD4A /* CCTextureCache.m */; };
		0105FDD017C65232005CAD4A /* CCTexturePVR.m in Sources */ = {isa = PBXBuildFile; fileRef = 0105FDCF17C65232005CAD4A /* CCTexturePVR.m */; };
		0105FDD317C65232005CAD4A /* CCTileMapAtlas.m in Sources */ = {isa = PBXBuildFile; fileRef = 0105FDD217C65232005CAD4A /* CCTileMapAtlas.m */; };
		0105FDD617C65232005CAD4A /* CCTMXLayer.m in Sources */ = {isa = PBXBuildFile; fileRef = 0105FDD517C65232005CAD4A /* CCTMXLayer.m */; };
		0105FDD917C65232005CAD4A /* CCTMXObjectGroup.m in Sources */ = {isa = PBXBuildFile; fileRef = 0105FDD817C65232005CAD4A /* CCTMXObjectGroup.m */; };
		0105FDDC17C65232005CAD4A /* CCTMXTiledMap.m in Sources */ = {isa = PBXBuildFile; fileRef = 0105FDDB17C65232005CAD4A /* CCTMXTiledMap.m */; };
		0105FDDF17C65232005CAD4A /* CCTMXXMLParser.m in Sources */ = {isa = PBXBuildFile; fileRef = 0105FDDE17C65232005CAD4A /* CCTMXXMLParser.m */; };
		0105FDE217C65232005CAD4A /* CCTransition.m in Sources */ = {isa = PBXBuildFile; fileRef = 0105FDE117C65232005CAD4A /* CCTransition.m */; };
		0105FDE517C65232005CAD4A /* CCTransitionPageTurn.m in Sources */ = {isa = PBXBuildFile; fileRef = 0105FDE417C65232005CAD4A /* CCTransitionPageTurn.m */; };
		0105FDE817C65232005CAD4A /* CCTransitionRadial.m in Sources */ = {isa = PBXBuildFile; fileRef = 0105FDE717C65232005CAD4A /* CCTransitionRadial.m */; };
		0105FDEC17C65232005CAD4A /* cocos2d.m in Sources */ = {isa = PBXBuildFile; fileRef = 0105FDEB17C65232005CAD4A /* cocos2d.m */; };
		0105FDF317C65232005CAD4A /* CCDirectorIOS.m in Sources */ = {isa = PBXBuildFile; fileRef = 0105FDF217C65232005CAD4A /* CCDirectorIOS.m */; };
		0105FDF717C65232005CAD4A /* CCTouchDispatcher.m in Sources */ = {isa = PBXBuildFile; fileRef = 0105FDF617C65232005CAD4A /* CCTouchDispatcher.m */; };
		0105FDFA17C65232005CAD4A /* CCTouchHandler.m in Sources */ = {isa = PBXBuildFile; fileRef = 0105FDF917C65232005CAD4A /* CCTouchHandler.m */; };
		0105FDFD17C65232005CAD4A /* EAGLView.m in Sources */ = {isa = PBXBuildFile; fileRef = 0105FDFC17C65232005CAD4A /* EAGLView.m */; };
		0105FE0017C65232005CAD4A /* ES1Renderer.m in Sources */ = {isa = PBXBuildFile; fileRef = 0105FDFF17C65232005CAD4A /* ES1Renderer.m */; };
		0105FE0317C65232005CAD4A /* glu.c in Sources */ = {isa = PBXBuildFile; fileRef = 0105FE0217C65232005CAD4A /* glu.c */; };
		0105FE0817C65232005CAD4A /* CCDirectorMac.m in Sources */ = {isa = PBXBuildFile; fileRef = 0105FE0717C65232005CAD4A /* CCDirectorMac.m */; };
		0105FE0B17C65232005CAD4A /* CCEventDispatcher.m in Sources */ = {isa = PBXBuildFile; fileRef = 0105FE0A17C65232005CAD4A /* CCEventDispatcher.m */; };
		0105FE0E17C65232005CAD4A /* MacGLView.m in Sources */ = {isa = PBXBuildFile; fileRef = 0105FE0D17C65232005CAD4A /* MacGLView.m */; };
		0105FE1117C65232005CAD4A /* MacWindow.m in Sources */ = {isa = PBXBuildFile; fileRef = 0105FE1017C65232005CAD4A /* MacWindow.m */; };
		0105FE1417C65232005CAD4A /* base64.c in Sources */ = {isa = PBXBuildFile; fileRef = 0105FE1317C65232005CAD4A /* base64.c */; };
		0105FE1817C65232005CAD4A /* CCArray.m in Sources */ = {isa = PBXBuildFile; fileRef = 0105FE1717C65232005CAD4A /* CCArray.m */; };
		0105FE1C17C65232005CAD4A /* CCFileUtils.m in Sources */ = {isa = PBXBuildFile; fileRef = 0105FE1B17C65232005CAD4A /* CCFileUtils.m */; };
		0105FE1F17C65232005CAD4A /* CCProfiling.m in Sources */ = {isa = PBXBuildFile; fileRef = 0105FE1E17C65232005CAD4A /* CCProfiling.m */; };
		0105FE2117C65232005CAD4A /* ccUtils.c in Sources */ = {isa = PBXBuildFile; fileRef = 0105FE2017C65232005CAD4A /* ccUtils.c */; };
		0105FE2517C65232005CAD4A /* CGPointExtension.m in Sources */ = {isa = PBXBuildFile; fileRef = 0105FE2417C65232005CAD4A /* CGPointExtension.m */; };
		0105FE2917C65232005CAD4A /* TGAlib.m in Sources */ = {isa = PBXBuildFile; fileRef = 0105FE2817C65232005CAD4A /* TGAlib.m */; };
		0105FE2C17C65232005CAD4A /* TransformUtils.m in Sources */ = {isa = PBXBuildFile; fileRef = 0105FE2B17C65232005CAD4A /* TransformUtils.m */; };
		0105FE3117C65232005CAD4A /* ZipUtils.m in Sources */ = {isa = PBXBuildFile; fileRef = 0105FE3017C65232005CAD4A /* ZipUtils.m */; };
		0105FE3617C65232005CAD4A /* CDAudioManager.m in Sources */ = {isa = PBXBuildFile; fileRef = 0105FE3517C65232005CAD4A /* CDAudioManager.m */; };
		0105FE3A17C65232005CAD4A /* CDOpenALSupport.m in Sources */ = {isa = PBXBuildFile; fileRef = 0105FE3917C65232005CAD4A /* CDOpenALSupport.m */; };
		0105FE3D17C65232005CAD4A /* CocosDenshion.m in Sources */ = {isa = PBXBuildFile; fileRef = 0105FE3C17C65232005CAD4A /* CocosDenshion.m */; };
		0105FE4017C65233005CAD4A /* SimpleAudioEngine.m in Sources */ = {isa = PBXBuildFile; fileRef = 0105FE3F17C65233005CAD4A /* SimpleAudioEngine.m */; };
		0105FE4517C65233005CAD4A /* CLScoreServerPost.m in Sources */ = {isa = PBXBuildFile; fileRef = 0105FE4417C65233005CAD4A /* CLScoreServerPost.m */; };
		0105FE4817C65233005CAD4A /* CLScoreServerRequest.m in Sources */ = {isa = PBXBuildFile; fileRef = 0105FE4717C65233005CAD4A /* CLScoreServerRequest.m */; };
		0105FE4B17C65233005CAD4A /* cocoslive.m in Sources */ = {isa = PBXBuildFile; fileRef = 0105FE4A17C65233005CAD4A /* cocoslive.m */; };
		0105FE5017C65233005CAD4A /* CDataScanner.m in Sources */ = {isa = PBXBuildFile; fileRef = 0105FE4F17C65233005CAD4A /* CDataScanner.m */; };
		0105FE5417C65233005CAD4A /* CDataScanner_Extensions.m in Sources */ = {isa = PBXBuildFile; fileRef = 0105FE5317C65233005CAD4A /* CDataScanner_Extensions.m */; };
		0105FE5717C65233005CAD4A /* NSDictionary_JSONExtensions.m in Sources */ = {isa = PBXBuildFile; fileRef = 0105FE5617C65233005CAD4A /* NSDictionary_JSONExtensions.m */; };
		0105FE5B17C65233005CAD4A /* CJSONDeserializer.m in Sources */ = {isa = PBXBuildFile; fileRef = 0105FE5A17C65233005CAD4A /* CJSONDeserializer.m */; };
		0105FE5E17C65233005CAD4A /* CJSONScanner.m in Sources */ = {isa = PBXBuildFile; fileRef = 0105FE5D17C65233005CAD4A /* CJSONScanner.m */; };
		0105FE6117C65233005CAD4A /* CJSONSerializer.m in Sources */ = {isa = PBXBuildFile; fileRef = 0105FE6017C65233005CAD4A /* CJSONSerializer.m */; };
		0105FE6617C65233005CAD4A /* FontLabel.m in Sources */ = {isa = PBXBuildFile; fileRef = 0105FE6517C65233005CAD4A /* FontLabel.m */; };
		0105FE6917C65233005CAD4A /* FontLabelStringDrawing.m in Sources */ = {isa = PBXBuildFile; fileRef = 0105FE6817C65233005CAD4A /* FontLabelStringDrawing.m */; };
		0105FE6C17C65233005CAD4A /* FontManager.m in Sources */ = {isa = PBXBuildFile; fileRef = 0105FE6B17C65233005CAD4A /* FontManager.m */; };
		0105FE6F17C65233005CAD4A /* ZAttributedString.m in Sources */ = {isa = PBXBuildFile; fileRef = 0105FE6E17C65233005CAD4A /* ZAttributedString.m */; };
		0105FE7317C65233005CAD4A /* ZFont.m in Sources */ = {isa = PBXBuildFile; fileRef = 0105FE7217C65233005CAD4A /* ZFont.m */; };
		0105FE7817C65233005CAD4A /* main.m in Sources */ = {isa = PBXBuildFile; fileRef = 0105FE7717C65233005CAD4A /* main.m */; };
		0105FE7B17C65233005CAD4A /* AppDelegate.m in Sources */ = {isa = PBXBuildFile; fileRef = 0105FE7A17C65233005CAD4A /* AppDelegate.m */; };
		0105FE7E17C65233005CAD4A /* RootViewController.m in Sources */ = {isa = PBXBuildFile; fileRef = 0105FE7D17C65233005CAD4A /* RootViewController.m */; };
		0105FE8117C65233005CAD4A /* HelloWorldLayer.m in Sources */ = {isa = PBXBuildFile; fileRef = 0105FE8017C65233005CAD4A /* HelloWorldLayer.m */; };
/* End PBXBuildFile section */

/* Begin PBXFileReference section */
		0105FD1117C65231005CAD4A /* ApportableCocosTTFTest.app */ = {isa = PBXFileReference; explicitFileType = wrapper.application; includeInIndex = 0; path = ApportableCocosTTFTest.app; sourceTree = BUILT_PRODUCTS_DIR; };
		0105FD1417C65231005CAD4A /* QuartzCore.framework */ = {isa = PBXFileReference; lastKnownFileType = wrapper.framework; name = QuartzCore.framework; path = System/Library/Frameworks/QuartzCore.framework; sourceTree = SDKROOT; };
		0105FD1617C65231005CAD4A /* OpenGLES.framework */ = {isa = PBXFileReference; lastKnownFileType = wrapper.framework; name = OpenGLES.framework; path = System/Library/Frameworks/OpenGLES.framework; sourceTree = SDKROOT; };
		0105FD1817C65231005CAD4A /* OpenAL.framework */ = {isa = PBXFileReference; lastKnownFileType = wrapper.framework; name = OpenAL.framework; path = System/Library/Frameworks/OpenAL.framework; sourceTree = SDKROOT; };
		0105FD1A17C65231005CAD4A /* AudioToolbox.framework */ = {isa = PBXFileReference; lastKnownFileType = wrapper.framework; name = AudioToolbox.framework; path = System/Library/Frameworks/AudioToolbox.framework; sourceTree = SDKROOT; };
		0105FD1C17C65231005CAD4A /* AVFoundation.framework */ = {isa = PBXFileReference; lastKnownFileType = wrapper.framework; name = AVFoundation.framework; path = System/Library/Frameworks/AVFoundation.framework; sourceTree = SDKROOT; };
		0105FD1E17C65231005CAD4A /* UIKit.framework */ = {isa = PBXFileReference; lastKnownFileType = wrapper.framework; name = UIKit.framework; path = System/Library/Frameworks/UIKit.framework; sourceTree = SDKROOT; };
		0105FD2017C65231005CAD4A /* Foundation.framework */ = {isa = PBXFileReference; lastKnownFileType = wrapper.framework; name = Foundation.framework; path = System/Library/Frameworks/Foundation.framework; sourceTree = SDKROOT; };
		0105FD2217C65231005CAD4A /* CoreGraphics.framework */ = {isa = PBXFileReference; lastKnownFileType = wrapper.framework; name = CoreGraphics.framework; path = System/Library/Frameworks/CoreGraphics.framework; sourceTree = SDKROOT; };
		0105FD2617C65231005CAD4A /* Default.png */ = {isa = PBXFileReference; lastKnownFileType = image.png; name = Default.png; path = Resources/Default.png; sourceTree = "<group>"; };
		0105FD2817C65231005CAD4A /* fps_images.png */ = {isa = PBXFileReference; lastKnownFileType = image.png; name = fps_images.png; path = Resources/fps_images.png; sourceTree = "<group>"; };
		0105FD2A17C65231005CAD4A /* Icon-72.png */ = {isa = PBXFileReference; lastKnownFileType = image.png; name = "Icon-72.png"; path = "Resources/Icon-72.png"; sourceTree = "<group>"; };
		0105FD2C17C65231005CAD4A /* Icon-Small-50.png */ = {isa = PBXFileReference; lastKnownFileType = image.png; name = "Icon-Small-50.png"; path = "Resources/Icon-Small-50.png"; sourceTree = "<group>"; };
		0105FD2E17C65231005CAD4A /* Icon-Small.png */ = {isa = PBXFileReference; lastKnownFileType = image.png; name = "Icon-Small.png"; path = "Resources/Icon-Small.png"; sourceTree = "<group>"; };
		0105FD3017C65231005CAD4A /* Icon-Small@2x.png */ = {isa = PBXFileReference; lastKnownFileType = image.png; name = "Icon-Small@2x.png"; path = "Resources/Icon-Small@2x.png"; sourceTree = "<group>"; };
		0105FD3217C65231005CAD4A /* Icon.png */ = {isa = PBXFileReference; lastKnownFileType = image.png; name = Icon.png; path = Resources/Icon.png; sourceTree = "<group>"; };
		0105FD3417C65231005CAD4A /* Icon@2x.png */ = {isa = PBXFileReference; lastKnownFileType = image.png; name = "Icon@2x.png"; path = "Resources/Icon@2x.png"; sourceTree = "<group>"; };
		0105FD3617C65231005CAD4A /* Info.plist */ = {isa = PBXFileReference; lastKnownFileType = text.plist.xml; name = Info.plist; path = Resources/Info.plist; sourceTree = "<group>"; };
		0105FD3717C65231005CAD4A /* iTunesArtwork */ = {isa = PBXFileReference; lastKnownFileType = file; name = iTunesArtwork; path = Resources/iTunesArtwork; sourceTree = "<group>"; };
		0105FD3B17C65231005CAD4A /* CCAction.h */ = {isa = PBXFileReference; lastKnownFileType = sourcecode.c.h; name = CCAction.h; path = libs/cocos2d/CCAction.h; sourceTree = "<group>"; };
		0105FD3C17C65231005CAD4A /* CCAction.m */ = {isa = PBXFileReference; lastKnownFileType = sourcecode.c.objc; name = CCAction.m; path = libs/cocos2d/CCAction.m; sourceTree = "<group>"; };
		0105FD3E17C65231005CAD4A /* CCActionCamera.h */ = {isa = PBXFileReference; lastKnownFileType = sourcecode.c.h; name = CCActionCamera.h; path = libs/cocos2d/CCActionCamera.h; sourceTree = "<group>"; };
		0105FD3F17C65231005CAD4A /* CCActionCamera.m */ = {isa = PBXFileReference; lastKnownFileType = sourcecode.c.objc; name = CCActionCamera.m; path = libs/cocos2d/CCActionCamera.m; sourceTree = "<group>"; };
		0105FD4117C65231005CAD4A /* CCActionEase.h */ = {isa = PBXFileReference; lastKnownFileType = sourcecode.c.h; name = CCActionEase.h; path = libs/cocos2d/CCActionEase.h; sourceTree = "<group>"; };
		0105FD4217C65231005CAD4A /* CCActionEase.m */ = {isa = PBXFileReference; lastKnownFileType = sourcecode.c.objc; name = CCActionEase.m; path = libs/cocos2d/CCActionEase.m; sourceTree = "<group>"; };
		0105FD4417C65231005CAD4A /* CCActionGrid.h */ = {isa = PBXFileReference; lastKnownFileType = sourcecode.c.h; name = CCActionGrid.h; path = libs/cocos2d/CCActionGrid.h; sourceTree = "<group>"; };
		0105FD4517C65231005CAD4A /* CCActionGrid.m */ = {isa = PBXFileReference; lastKnownFileType = sourcecode.c.objc; name = CCActionGrid.m; path = libs/cocos2d/CCActionGrid.m; sourceTree = "<group>"; };
		0105FD4717C65231005CAD4A /* CCActionGrid3D.h */ = {isa = PBXFileReference; lastKnownFileType = sourcecode.c.h; name = CCActionGrid3D.h; path = libs/cocos2d/CCActionGrid3D.h; sourceTree = "<group>"; };
		0105FD4817C65231005CAD4A /* CCActionGrid3D.m */ = {isa = PBXFileReference; lastKnownFileType = sourcecode.c.objc; name = CCActionGrid3D.m; path = libs/cocos2d/CCActionGrid3D.m; sourceTree = "<group>"; };
		0105FD4A17C65231005CAD4A /* CCActionInstant.h */ = {isa = PBXFileReference; lastKnownFileType = sourcecode.c.h; name = CCActionInstant.h; path = libs/cocos2d/CCActionInstant.h; sourceTree = "<group>"; };
		0105FD4B17C65231005CAD4A /* CCActionInstant.m */ = {isa = PBXFileReference; lastKnownFileType = sourcecode.c.objc; name = CCActionInstant.m; path = libs/cocos2d/CCActionInstant.m; sourceTree = "<group>"; };
		0105FD4D17C65231005CAD4A /* CCActionInterval.h */ = {isa = PBXFileReference; lastKnownFileType = sourcecode.c.h; name = CCActionInterval.h; path = libs/cocos2d/CCActionInterval.h; sourceTree = "<group>"; };
		0105FD4E17C65231005CAD4A /* CCActionInterval.m */ = {isa = PBXFileReference; lastKnownFileType = sourcecode.c.objc; name = CCActionInterval.m; path = libs/cocos2d/CCActionInterval.m; sourceTree = "<group>"; };
		0105FD5017C65231005CAD4A /* CCActionManager.h */ = {isa = PBXFileReference; lastKnownFileType = sourcecode.c.h; name = CCActionManager.h; path = libs/cocos2d/CCActionManager.h; sourceTree = "<group>"; };
		0105FD5117C65231005CAD4A /* CCActionManager.m */ = {isa = PBXFileReference; lastKnownFileType = sourcecode.c.objc; name = CCActionManager.m; path = libs/cocos2d/CCActionManager.m; sourceTree = "<group>"; };
		0105FD5317C65231005CAD4A /* CCActionPageTurn3D.h */ = {isa = PBXFileReference; lastKnownFileType = sourcecode.c.h; name = CCActionPageTurn3D.h; path = libs/cocos2d/CCActionPageTurn3D.h; sourceTree = "<group>"; };
		0105FD5417C65231005CAD4A /* CCActionPageTurn3D.m */ = {isa = PBXFileReference; lastKnownFileType = sourcecode.c.objc; name = CCActionPageTurn3D.m; path = libs/cocos2d/CCActionPageTurn3D.m; sourceTree = "<group>"; };
		0105FD5617C65231005CAD4A /* CCActionProgressTimer.h */ = {isa = PBXFileReference; lastKnownFileType = sourcecode.c.h; name = CCActionProgressTimer.h; path = libs/cocos2d/CCActionProgressTimer.h; sourceTree = "<group>"; };
		0105FD5717C65231005CAD4A /* CCActionProgressTimer.m */ = {isa = PBXFileReference; lastKnownFileType = sourcecode.c.objc; name = CCActionProgressTimer.m; path = libs/cocos2d/CCActionProgressTimer.m; sourceTree = "<group>"; };
		0105FD5917C65231005CAD4A /* CCActionTiledGrid.h */ = {isa = PBXFileReference; lastKnownFileType = sourcecode.c.h; name = CCActionTiledGrid.h; path = libs/cocos2d/CCActionTiledGrid.h; sourceTree = "<group>"; };
		0105FD5A17C65231005CAD4A /* CCActionTiledGrid.m */ = {isa = PBXFileReference; lastKnownFileType = sourcecode.c.objc; name = CCActionTiledGrid.m; path = libs/cocos2d/CCActionTiledGrid.m; sourceTree = "<group>"; };
		0105FD5C17C65231005CAD4A /* CCActionTween.h */ = {isa = PBXFileReference; lastKnownFileType = sourcecode.c.h; name = CCActionTween.h; path = libs/cocos2d/CCActionTween.h; sourceTree = "<group>"; };
		0105FD5D17C65231005CAD4A /* CCActionTween.m */ = {isa = PBXFileReference; lastKnownFileType = sourcecode.c.objc; name = CCActionTween.m; path = libs/cocos2d/CCActionTween.m; sourceTree = "<group>"; };
		0105FD5F17C65231005CAD4A /* CCAnimation.h */ = {isa = PBXFileReference; lastKnownFileType = sourcecode.c.h; name = CCAnimation.h; path = libs/cocos2d/CCAnimation.h; sourceTree = "<group>"; };
		0105FD6017C65231005CAD4A /* CCAnimation.m */ = {isa = PBXFileReference; lastKnownFileType = sourcecode.c.objc; name = CCAnimation.m; path = libs/cocos2d/CCAnimation.m; sourceTree = "<group>"; };
		0105FD6217C65231005CAD4A /* CCAnimationCache.h */ = {isa = PBXFileReference; lastKnownFileType = sourcecode.c.h; name = CCAnimationCache.h; path = libs/cocos2d/CCAnimationCache.h; sourceTree = "<group>"; };
		0105FD6317C65231005CAD4A /* CCAnimationCache.m */ = {isa = PBXFileReference; lastKnownFileType = sourcecode.c.objc; name = CCAnimationCache.m; path = libs/cocos2d/CCAnimationCache.m; sourceTree = "<group>"; };
		0105FD6517C65231005CAD4A /* CCAtlasNode.h */ = {isa = PBXFileReference; lastKnownFileType = sourcecode.c.h; name = CCAtlasNode.h; path = libs/cocos2d/CCAtlasNode.h; sourceTree = "<group>"; };
		0105FD6617C65231005CAD4A /* CCAtlasNode.m */ = {isa = PBXFileReference; lastKnownFileType = sourcecode.c.objc; name = CCAtlasNode.m; path = libs/cocos2d/CCAtlasNode.m; sourceTree = "<group>"; };
		0105FD6817C65231005CAD4A /* CCBlockSupport.h */ = {isa = PBXFileReference; lastKnownFileType = sourcecode.c.h; name = CCBlockSupport.h; path = libs/cocos2d/CCBlockSupport.h; sourceTree = "<group>"; };
		0105FD6917C65231005CAD4A /* CCBlockSupport.m */ = {isa = PBXFileReference; lastKnownFileType = sourcecode.c.objc; name = CCBlockSupport.m; path = libs/cocos2d/CCBlockSupport.m; sourceTree = "<group>"; };
		0105FD6B17C65231005CAD4A /* CCCamera.h */ = {isa = PBXFileReference; lastKnownFileType = sourcecode.c.h; name = CCCamera.h; path = libs/cocos2d/CCCamera.h; sourceTree = "<group>"; };
		0105FD6C17C65231005CAD4A /* CCCamera.m */ = {isa = PBXFileReference; lastKnownFileType = sourcecode.c.objc; name = CCCamera.m; path = libs/cocos2d/CCCamera.m; sourceTree = "<group>"; };
		0105FD6E17C65231005CAD4A /* ccConfig.h */ = {isa = PBXFileReference; lastKnownFileType = sourcecode.c.h; name = ccConfig.h; path = libs/cocos2d/ccConfig.h; sourceTree = "<group>"; };
		0105FD6F17C65231005CAD4A /* CCConfiguration.h */ = {isa = PBXFileReference; lastKnownFileType = sourcecode.c.h; name = CCConfiguration.h; path = libs/cocos2d/CCConfiguration.h; sourceTree = "<group>"; };
		0105FD7017C65231005CAD4A /* CCConfiguration.m */ = {isa = PBXFileReference; lastKnownFileType = sourcecode.c.objc; name = CCConfiguration.m; path = libs/cocos2d/CCConfiguration.m; sourceTree = "<group>"; };
		0105FD7217C65231005CAD4A /* CCDirector.h */ = {isa = PBXFileReference; lastKnownFileType = sourcecode.c.h; name = CCDirector.h; path = libs/cocos2d/CCDirector.h; sourceTree = "<group>"; };
		0105FD7317C65231005CAD4A /* CCDirector.m */ = {isa = PBXFileReference; lastKnownFileType = sourcecode.c.objc; name = CCDirector.m; path = libs/cocos2d/CCDirector.m; sourceTree = "<group>"; };
		0105FD7517C65231005CAD4A /* CCDrawingPrimitives.h */ = {isa = PBXFileReference; lastKnownFileType = sourcecode.c.h; name = CCDrawingPrimitives.h; path = libs/cocos2d/CCDrawingPrimitives.h; sourceTree = "<group>"; };
		0105FD7617C65231005CAD4A /* CCDrawingPrimitives.m */ = {isa = PBXFileReference; lastKnownFileType = sourcecode.c.objc; name = CCDrawingPrimitives.m; path = libs/cocos2d/CCDrawingPrimitives.m; sourceTree = "<group>"; };
		0105FD7817C65231005CAD4A /* CCGrabber.h */ = {isa = PBXFileReference; lastKnownFileType = sourcecode.c.h; name = CCGrabber.h; path = libs/cocos2d/CCGrabber.h; sourceTree = "<group>"; };
		0105FD7917C65231005CAD4A /* CCGrabber.m */ = {isa = PBXFileReference; lastKnownFileType = sourcecode.c.objc; name = CCGrabber.m; path = libs/cocos2d/CCGrabber.m; sourceTree = "<group>"; };
		0105FD7B17C65231005CAD4A /* CCGrid.h */ = {isa = PBXFileReference; lastKnownFileType = sourcecode.c.h; name = CCGrid.h; path = libs/cocos2d/CCGrid.h; sourceTree = "<group>"; };
		0105FD7C17C65231005CAD4A /* CCGrid.m */ = {isa = PBXFileReference; lastKnownFileType = sourcecode.c.objc; name = CCGrid.m; path = libs/cocos2d/CCGrid.m; sourceTree = "<group>"; };
		0105FD7E17C65231005CAD4A /* CCLabelAtlas.h */ = {isa = PBXFileReference; lastKnownFileType = sourcecode.c.h; name = CCLabelAtlas.h; path = libs/cocos2d/CCLabelAtlas.h; sourceTree = "<group>"; };
		0105FD7F17C65231005CAD4A /* CCLabelAtlas.m */ = {isa = PBXFileReference; lastKnownFileType = sourcecode.c.objc; name = CCLabelAtlas.m; path = libs/cocos2d/CCLabelAtlas.m; sourceTree = "<group>"; };
		0105FD8117C65231005CAD4A /* CCLabelBMFont.h */ = {isa = PBXFileReference; lastKnownFileType = sourcecode.c.h; name = CCLabelBMFont.h; path = libs/cocos2d/CCLabelBMFont.h; sourceTree = "<group>"; };
		0105FD8217C65231005CAD4A /* CCLabelBMFont.m */ = {isa = PBXFileReference; lastKnownFileType = sourcecode.c.objc; name = CCLabelBMFont.m; path = libs/cocos2d/CCLabelBMFont.m; sourceTree = "<group>"; };
		0105FD8417C65231005CAD4A /* CCLabelTTF.h */ = {isa = PBXFileReference; lastKnownFileType = sourcecode.c.h; name = CCLabelTTF.h; path = libs/cocos2d/CCLabelTTF.h; sourceTree = "<group>"; };
		0105FD8517C65231005CAD4A /* CCLabelTTF.m */ = {isa = PBXFileReference; lastKnownFileType = sourcecode.c.objc; name = CCLabelTTF.m; path = libs/cocos2d/CCLabelTTF.m; sourceTree = "<group>"; };
		0105FD8717C65231005CAD4A /* CCLayer.h */ = {isa = PBXFileReference; lastKnownFileType = sourcecode.c.h; name = CCLayer.h; path = libs/cocos2d/CCLayer.h; sourceTree = "<group>"; };
		0105FD8817C65231005CAD4A /* CCLayer.m */ = {isa = PBXFileReference; lastKnownFileType = sourcecode.c.objc; name = CCLayer.m; path = libs/cocos2d/CCLayer.m; sourceTree = "<group>"; };
		0105FD8A17C65231005CAD4A /* ccMacros.h */ = {isa = PBXFileReference; lastKnownFileType = sourcecode.c.h; name = ccMacros.h; path = libs/cocos2d/ccMacros.h; sourceTree = "<group>"; };
		0105FD8B17C65231005CAD4A /* CCMenu.h */ = {isa = PBXFileReference; lastKnownFileType = sourcecode.c.h; name = CCMenu.h; path = libs/cocos2d/CCMenu.h; sourceTree = "<group>"; };
		0105FD8C17C65231005CAD4A /* CCMenu.m */ = {isa = PBXFileReference; lastKnownFileType = sourcecode.c.objc; name = CCMenu.m; path = libs/cocos2d/CCMenu.m; sourceTree = "<group>"; };
		0105FD8E17C65231005CAD4A /* CCMenuItem.h */ = {isa = PBXFileReference; lastKnownFileType = sourcecode.c.h; name = CCMenuItem.h; path = libs/cocos2d/CCMenuItem.h; sourceTree = "<group>"; };
		0105FD8F17C65231005CAD4A /* CCMenuItem.m */ = {isa = PBXFileReference; lastKnownFileType = sourcecode.c.objc; name = CCMenuItem.m; path = libs/cocos2d/CCMenuItem.m; sourceTree = "<group>"; };
		0105FD9117C65231005CAD4A /* CCMotionStreak.h */ = {isa = PBXFileReference; lastKnownFileType = sourcecode.c.h; name = CCMotionStreak.h; path = libs/cocos2d/CCMotionStreak.h; sourceTree = "<group>"; };
		0105FD9217C65231005CAD4A /* CCMotionStreak.m */ = {isa = PBXFileReference; lastKnownFileType = sourcecode.c.objc; name = CCMotionStreak.m; path = libs/cocos2d/CCMotionStreak.m; sourceTree = "<group>"; };
		0105FD9417C65231005CAD4A /* CCNode.h */ = {isa = PBXFileReference; lastKnownFileType = sourcecode.c.h; name = CCNode.h; path = libs/cocos2d/CCNode.h; sourceTree = "<group>"; };
		0105FD9517C65231005CAD4A /* CCNode.m */ = {isa = PBXFileReference; lastKnownFileType = sourcecode.c.objc; name = CCNode.m; path = libs/cocos2d/CCNode.m; sourceTree = "<group>"; };
		0105FD9717C65231005CAD4A /* CCParallaxNode.h */ = {isa = PBXFileReference; lastKnownFileType = sourcecode.c.h; name = CCParallaxNode.h; path = libs/cocos2d/CCParallaxNode.h; sourceTree = "<group>"; };
		0105FD9817C65231005CAD4A /* CCParallaxNode.m */ = {isa = PBXFileReference; lastKnownFileType = sourcecode.c.objc; name = CCParallaxNode.m; path = libs/cocos2d/CCParallaxNode.m; sourceTree = "<group>"; };
		0105FD9A17C65231005CAD4A /* CCParticleBatchNode.h */ = {isa = PBXFileReference; lastKnownFileType = sourcecode.c.h; name = CCParticleBatchNode.h; path = libs/cocos2d/CCParticleBatchNode.h; sourceTree = "<group>"; };
		0105FD9B17C65231005CAD4A /* CCParticleBatchNode.m */ = {isa = PBXFileReference; lastKnownFileType = sourcecode.c.objc; name = CCParticleBatchNode.m; path = libs/cocos2d/CCParticleBatchNode.m; sourceTree = "<group>"; };
		0105FD9D17C65231005CAD4A /* CCParticleExamples.h */ = {isa = PBXFileReference; lastKnownFileType = sourcecode.c.h; name = CCParticleExamples.h; path = libs/cocos2d/CCParticleExamples.h; sourceTree = "<group>"; };
		0105FD9E17C65231005CAD4A /* CCParticleExamples.m */ = {isa = PBXFileReference; lastKnownFileType = sourcecode.c.objc; name = CCParticleExamples.m; path = libs/cocos2d/CCParticleExamples.m; sourceTree = "<group>"; };
		0105FDA017C65231005CAD4A /* CCParticleSystem.h */ = {isa = PBXFileReference; lastKnownFileType = sourcecode.c.h; name = CCParticleSystem.h; path = libs/cocos2d/CCParticleSystem.h; sourceTree = "<group>"; };
		0105FDA117C65231005CAD4A /* CCParticleSystem.m */ = {isa = PBXFileReference; lastKnownFileType = sourcecode.c.objc; name = CCParticleSystem.m; path = libs/cocos2d/CCParticleSystem.m; sourceTree = "<group>"; };
		0105FDA317C65231005CAD4A /* CCParticleSystemPoint.h */ = {isa = PBXFileReference; lastKnownFileType = sourcecode.c.h; name = CCParticleSystemPoint.h; path = libs/cocos2d/CCParticleSystemPoint.h; sourceTree = "<group>"; };
		0105FDA417C65231005CAD4A /* CCParticleSystemPoint.m */ = {isa = PBXFileReference; lastKnownFileType = sourcecode.c.objc; name = CCParticleSystemPoint.m; path = libs/cocos2d/CCParticleSystemPoint.m; sourceTree = "<group>"; };
		0105FDA617C65231005CAD4A /* CCParticleSystemQuad.h */ = {isa = PBXFileReference; lastKnownFileType = sourcecode.c.h; name = CCParticleSystemQuad.h; path = libs/cocos2d/CCParticleSystemQuad.h; sourceTree = "<group>"; };
		0105FDA717C65232005CAD4A /* CCParticleSystemQuad.m */ = {isa = PBXFileReference; lastKnownFileType = sourcecode.c.objc; name = CCParticleSystemQuad.m; path = libs/cocos2d/CCParticleSystemQuad.m; sourceTree = "<group>"; };
		0105FDA917C65232005CAD4A /* CCProgressTimer.h */ = {isa = PBXFileReference; lastKnownFileType = sourcecode.c.h; name = CCProgressTimer.h; path = libs/cocos2d/CCProgressTimer.h; sourceTree = "<group>"; };
		0105FDAA17C65232005CAD4A /* CCProgressTimer.m */ = {isa = PBXFileReference; lastKnownFileType = sourcecode.c.objc; name = CCProgressTimer.m; path = libs/cocos2d/CCProgressTimer.m; sourceTree = "<group>"; };
		0105FDAC17C65232005CAD4A /* CCProtocols.h */ = {isa = PBXFileReference; lastKnownFileType = sourcecode.c.h; name = CCProtocols.h; path = libs/cocos2d/CCProtocols.h; sourceTree = "<group>"; };
		0105FDAD17C65232005CAD4A /* CCRenderTexture.h */ = {isa = PBXFileReference; lastKnownFileType = sourcecode.c.h; name = CCRenderTexture.h; path = libs/cocos2d/CCRenderTexture.h; sourceTree = "<group>"; };
		0105FDAE17C65232005CAD4A /* CCRenderTexture.m */ = {isa = PBXFileReference; lastKnownFileType = sourcecode.c.objc; name = CCRenderTexture.m; path = libs/cocos2d/CCRenderTexture.m; sourceTree = "<group>"; };
		0105FDB017C65232005CAD4A /* CCRibbon.h */ = {isa = PBXFileReference; lastKnownFileType = sourcecode.c.h; name = CCRibbon.h; path = libs/cocos2d/CCRibbon.h; sourceTree = "<group>"; };
		0105FDB117C65232005CAD4A /* CCRibbon.m */ = {isa = PBXFileReference; lastKnownFileType = sourcecode.c.objc; name = CCRibbon.m; path = libs/cocos2d/CCRibbon.m; sourceTree = "<group>"; };
		0105FDB317C65232005CAD4A /* CCScene.h */ = {isa = PBXFileReference; lastKnownFileType = sourcecode.c.h; name = CCScene.h; path = libs/cocos2d/CCScene.h; sourceTree = "<group>"; };
		0105FDB417C65232005CAD4A /* CCScene.m */ = {isa = PBXFileReference; lastKnownFileType = sourcecode.c.objc; name = CCScene.m; path = libs/cocos2d/CCScene.m; sourceTree = "<group>"; };
		0105FDB617C65232005CAD4A /* CCScheduler.h */ = {isa = PBXFileReference; lastKnownFileType = sourcecode.c.h; name = CCScheduler.h; path = libs/cocos2d/CCScheduler.h; sourceTree = "<group>"; };
		0105FDB717C65232005CAD4A /* CCScheduler.m */ = {isa = PBXFileReference; lastKnownFileType = sourcecode.c.objc; name = CCScheduler.m; path = libs/cocos2d/CCScheduler.m; sourceTree = "<group>"; };
		0105FDB917C65232005CAD4A /* CCSprite.h */ = {isa = PBXFileReference; lastKnownFileType = sourcecode.c.h; name = CCSprite.h; path = libs/cocos2d/CCSprite.h; sourceTree = "<group>"; };
		0105FDBA17C65232005CAD4A /* CCSprite.m */ = {isa = PBXFileReference; lastKnownFileType = sourcecode.c.objc; name = CCSprite.m; path = libs/cocos2d/CCSprite.m; sourceTree = "<group>"; };
		0105FDBC17C65232005CAD4A /* CCSpriteBatchNode.h */ = {isa = PBXFileReference; lastKnownFileType = sourcecode.c.h; name = CCSpriteBatchNode.h; path = libs/cocos2d/CCSpriteBatchNode.h; sourceTree = "<group>"; };
		0105FDBD17C65232005CAD4A /* CCSpriteBatchNode.m */ = {isa = PBXFileReference; lastKnownFileType = sourcecode.c.objc; name = CCSpriteBatchNode.m; path = libs/cocos2d/CCSpriteBatchNode.m; sourceTree = "<group>"; };
		0105FDBF17C65232005CAD4A /* CCSpriteFrame.h */ = {isa = PBXFileReference; lastKnownFileType = sourcecode.c.h; name = CCSpriteFrame.h; path = libs/cocos2d/CCSpriteFrame.h; sourceTree = "<group>"; };
		0105FDC017C65232005CAD4A /* CCSpriteFrame.m */ = {isa = PBXFileReference; lastKnownFileType = sourcecode.c.objc; name = CCSpriteFrame.m; path = libs/cocos2d/CCSpriteFrame.m; sourceTree = "<group>"; };
		0105FDC217C65232005CAD4A /* CCSpriteFrameCache.h */ = {isa = PBXFileReference; lastKnownFileType = sourcecode.c.h; name = CCSpriteFrameCache.h; path = libs/cocos2d/CCSpriteFrameCache.h; sourceTree = "<group>"; };
		0105FDC317C65232005CAD4A /* CCSpriteFrameCache.m */ = {isa = PBXFileReference; lastKnownFileType = sourcecode.c.objc; name = CCSpriteFrameCache.m; path = libs/cocos2d/CCSpriteFrameCache.m; sourceTree = "<group>"; };
		0105FDC517C65232005CAD4A /* CCTexture2D.h */ = {isa = PBXFileReference; lastKnownFileType = sourcecode.c.h; name = CCTexture2D.h; path = libs/cocos2d/CCTexture2D.h; sourceTree = "<group>"; };
		0105FDC617C65232005CAD4A /* CCTexture2D.m */ = {isa = PBXFileReference; lastKnownFileType = sourcecode.c.objc; name = CCTexture2D.m; path = libs/cocos2d/CCTexture2D.m; sourceTree = "<group>"; };
		0105FDC817C65232005CAD4A /* CCTextureAtlas.h */ = {isa = PBXFileReference; lastKnownFileType = sourcecode.c.h; name = CCTextureAtlas.h; path = libs/cocos2d/CCTextureAtlas.h; sourceTree = "<group>"; };
		0105FDC917C65232005CAD4A /* CCTextureAtlas.m */ = {isa = PBXFileReference; lastKnownFileType = sourcecode.c.objc; name = CCTextureAtlas.m; path = libs/cocos2d/CCTextureAtlas.m; sourceTree = "<group>"; };
		0105FDCB17C65232005CAD4A /* CCTextureCache.h */ = {isa = PBXFileReference; lastKnownFileType = sourcecode.c.h; name = CCTextureCache.h; path = libs/cocos2d/CCTextureCache.h; sourceTree = "<group>"; };
		0105FDCC17C65232005CAD4A /* CCTextureCache.m */ = {isa = PBXFileReference; lastKnownFileType = sourcecode.c.objc; name = CCTextureCache.m; path = libs/cocos2d/CCTextureCache.m; sourceTree = "<group>"; };
		0105FDCE17C65232005CAD4A /* CCTexturePVR.h */ = {isa = PBXFileReference; lastKnownFileType = sourcecode.c.h; name = CCTexturePVR.h; path = libs/cocos2d/CCTexturePVR.h; sourceTree = "<group>"; };
		0105FDCF17C65232005CAD4A /* CCTexturePVR.m */ = {isa = PBXFileReference; lastKnownFileType = sourcecode.c.objc; name = CCTexturePVR.m; path = libs/cocos2d/CCTexturePVR.m; sourceTree = "<group>"; };
		0105FDD117C65232005CAD4A /* CCTileMapAtlas.h */ = {isa = PBXFileReference; lastKnownFileType = sourcecode.c.h; name = CCTileMapAtlas.h; path = libs/cocos2d/CCTileMapAtlas.h; sourceTree = "<group>"; };
		0105FDD217C65232005CAD4A /* CCTileMapAtlas.m */ = {isa = PBXFileReference; lastKnownFileType = sourcecode.c.objc; name = CCTileMapAtlas.m; path = libs/cocos2d/CCTileMapAtlas.m; sourceTree = "<group>"; };
		0105FDD417C65232005CAD4A /* CCTMXLayer.h */ = {isa = PBXFileReference; lastKnownFileType = sourcecode.c.h; name = CCTMXLayer.h; path = libs/cocos2d/CCTMXLayer.h; sourceTree = "<group>"; };
		0105FDD517C65232005CAD4A /* CCTMXLayer.m */ = {isa = PBXFileReference; lastKnownFileType = sourcecode.c.objc; name = CCTMXLayer.m; path = libs/cocos2d/CCTMXLayer.m; sourceTree = "<group>"; };
		0105FDD717C65232005CAD4A /* CCTMXObjectGroup.h */ = {isa = PBXFileReference; lastKnownFileType = sourcecode.c.h; name = CCTMXObjectGroup.h; path = libs/cocos2d/CCTMXObjectGroup.h; sourceTree = "<group>"; };
		0105FDD817C65232005CAD4A /* CCTMXObjectGroup.m */ = {isa = PBXFileReference; lastKnownFileType = sourcecode.c.objc; name = CCTMXObjectGroup.m; path = libs/cocos2d/CCTMXObjectGroup.m; sourceTree = "<group>"; };
		0105FDDA17C65232005CAD4A /* CCTMXTiledMap.h */ = {isa = PBXFileReference; lastKnownFileType = sourcecode.c.h; name = CCTMXTiledMap.h; path = libs/cocos2d/CCTMXTiledMap.h; sourceTree = "<group>"; };
		0105FDDB17C65232005CAD4A /* CCTMXTiledMap.m */ = {isa = PBXFileReference; lastKnownFileType = sourcecode.c.objc; name = CCTMXTiledMap.m; path = libs/cocos2d/CCTMXTiledMap.m; sourceTree = "<group>"; };
		0105FDDD17C65232005CAD4A /* CCTMXXMLParser.h */ = {isa = PBXFileReference; lastKnownFileType = sourcecode.c.h; name = CCTMXXMLParser.h; path = libs/cocos2d/CCTMXXMLParser.h; sourceTree = "<group>"; };
		0105FDDE17C65232005CAD4A /* CCTMXXMLParser.m */ = {isa = PBXFileReference; lastKnownFileType = sourcecode.c.objc; name = CCTMXXMLParser.m; path = libs/cocos2d/CCTMXXMLParser.m; sourceTree = "<group>"; };
		0105FDE017C65232005CAD4A /* CCTransition.h */ = {isa = PBXFileReference; lastKnownFileType = sourcecode.c.h; name = CCTransition.h; path = libs/cocos2d/CCTransition.h; sourceTree = "<group>"; };
		0105FDE117C65232005CAD4A /* CCTransition.m */ = {isa = PBXFileReference; lastKnownFileType = sourcecode.c.objc; name = CCTransition.m; path = libs/cocos2d/CCTransition.m; sourceTree = "<group>"; };
		0105FDE317C65232005CAD4A /* CCTransitionPageTurn.h */ = {isa = PBXFileReference; lastKnownFileType = sourcecode.c.h; name = CCTransitionPageTurn.h; path = libs/cocos2d/CCTransitionPageTurn.h; sourceTree = "<group>"; };
		0105FDE417C65232005CAD4A /* CCTransitionPageTurn.m */ = {isa = PBXFileReference; lastKnownFileType = sourcecode.c.objc; name = CCTransitionPageTurn.m; path = libs/cocos2d/CCTransitionPageTurn.m; sourceTree = "<group>"; };
		0105FDE617C65232005CAD4A /* CCTransitionRadial.h */ = {isa = PBXFileReference; lastKnownFileType = sourcecode.c.h; name = CCTransitionRadial.h; path = libs/cocos2d/CCTransitionRadial.h; sourceTree = "<group>"; };
		0105FDE717C65232005CAD4A /* CCTransitionRadial.m */ = {isa = PBXFileReference; lastKnownFileType = sourcecode.c.objc; name = CCTransitionRadial.m; path = libs/cocos2d/CCTransitionRadial.m; sourceTree = "<group>"; };
		0105FDE917C65232005CAD4A /* ccTypes.h */ = {isa = PBXFileReference; lastKnownFileType = sourcecode.c.h; name = ccTypes.h; path = libs/cocos2d/ccTypes.h; sourceTree = "<group>"; };
		0105FDEA17C65232005CAD4A /* cocos2d.h */ = {isa = PBXFileReference; lastKnownFileType = sourcecode.c.h; name = cocos2d.h; path = libs/cocos2d/cocos2d.h; sourceTree = "<group>"; };
		0105FDEB17C65232005CAD4A /* cocos2d.m */ = {isa = PBXFileReference; lastKnownFileType = sourcecode.c.objc; name = cocos2d.m; path = libs/cocos2d/cocos2d.m; sourceTree = "<group>"; };
		0105FDEE17C65232005CAD4A /* CCGL.h */ = {isa = PBXFileReference; lastKnownFileType = sourcecode.c.h; name = CCGL.h; path = libs/cocos2d/Platforms/CCGL.h; sourceTree = "<group>"; };
		0105FDEF17C65232005CAD4A /* CCNS.h */ = {isa = PBXFileReference; lastKnownFileType = sourcecode.c.h; name = CCNS.h; path = libs/cocos2d/Platforms/CCNS.h; sourceTree = "<group>"; };
		0105FDF117C65232005CAD4A /* CCDirectorIOS.h */ = {isa = PBXFileReference; lastKnownFileType = sourcecode.c.h; name = CCDirectorIOS.h; path = libs/cocos2d/Platforms/iOS/CCDirectorIOS.h; sourceTree = "<group>"; };
		0105FDF217C65232005CAD4A /* CCDirectorIOS.m */ = {isa = PBXFileReference; lastKnownFileType = sourcecode.c.objc; name = CCDirectorIOS.m; path = libs/cocos2d/Platforms/iOS/CCDirectorIOS.m; sourceTree = "<group>"; };
		0105FDF417C65232005CAD4A /* CCTouchDelegateProtocol.h */ = {isa = PBXFileReference; lastKnownFileType = sourcecode.c.h; name = CCTouchDelegateProtocol.h; path = libs/cocos2d/Platforms/iOS/CCTouchDelegateProtocol.h; sourceTree = "<group>"; };
		0105FDF517C65232005CAD4A /* CCTouchDispatcher.h */ = {isa = PBXFileReference; lastKnownFileType = sourcecode.c.h; name = CCTouchDispatcher.h; path = libs/cocos2d/Platforms/iOS/CCTouchDispatcher.h; sourceTree = "<group>"; };
		0105FDF617C65232005CAD4A /* CCTouchDispatcher.m */ = {isa = PBXFileReference; lastKnownFileType = sourcecode.c.objc; name = CCTouchDispatcher.m; path = libs/cocos2d/Platforms/iOS/CCTouchDispatcher.m; sourceTree = "<group>"; };
		0105FDF817C65232005CAD4A /* CCTouchHandler.h */ = {isa = PBXFileReference; lastKnownFileType = sourcecode.c.h; name = CCTouchHandler.h; path = libs/cocos2d/Platforms/iOS/CCTouchHandler.h; sourceTree = "<group>"; };
		0105FDF917C65232005CAD4A /* CCTouchHandler.m */ = {isa = PBXFileReference; lastKnownFileType = sourcecode.c.objc; name = CCTouchHandler.m; path = libs/cocos2d/Platforms/iOS/CCTouchHandler.m; sourceTree = "<group>"; };
		0105FDFB17C65232005CAD4A /* EAGLView.h */ = {isa = PBXFileReference; lastKnownFileType = sourcecode.c.h; name = EAGLView.h; path = libs/cocos2d/Platforms/iOS/EAGLView.h; sourceTree = "<group>"; };
		0105FDFC17C65232005CAD4A /* EAGLView.m */ = {isa = PBXFileReference; lastKnownFileType = sourcecode.c.objc; name = EAGLView.m; path = libs/cocos2d/Platforms/iOS/EAGLView.m; sourceTree = "<group>"; };
		0105FDFE17C65232005CAD4A /* ES1Renderer.h */ = {isa = PBXFileReference; lastKnownFileType = sourcecode.c.h; name = ES1Renderer.h; path = libs/cocos2d/Platforms/iOS/ES1Renderer.h; sourceTree = "<group>"; };
		0105FDFF17C65232005CAD4A /* ES1Renderer.m */ = {isa = PBXFileReference; lastKnownFileType = sourcecode.c.objc; name = ES1Renderer.m; path = libs/cocos2d/Platforms/iOS/ES1Renderer.m; sourceTree = "<group>"; };
		0105FE0117C65232005CAD4A /* ESRenderer.h */ = {isa = PBXFileReference; lastKnownFileType = sourcecode.c.h; name = ESRenderer.h; path = libs/cocos2d/Platforms/iOS/ESRenderer.h; sourceTree = "<group>"; };
		0105FE0217C65232005CAD4A /* glu.c */ = {isa = PBXFileReference; lastKnownFileType = sourcecode.c.c; name = glu.c; path = libs/cocos2d/Platforms/iOS/glu.c; sourceTree = "<group>"; };
		0105FE0417C65232005CAD4A /* glu.h */ = {isa = PBXFileReference; lastKnownFileType = sourcecode.c.h; name = glu.h; path = libs/cocos2d/Platforms/iOS/glu.h; sourceTree = "<group>"; };
		0105FE0617C65232005CAD4A /* CCDirectorMac.h */ = {isa = PBXFileReference; lastKnownFileType = sourcecode.c.h; name = CCDirectorMac.h; path = libs/cocos2d/Platforms/Mac/CCDirectorMac.h; sourceTree = "<group>"; };
		0105FE0717C65232005CAD4A /* CCDirectorMac.m */ = {isa = PBXFileReference; lastKnownFileType = sourcecode.c.objc; name = CCDirectorMac.m; path = libs/cocos2d/Platforms/Mac/CCDirectorMac.m; sourceTree = "<group>"; };
		0105FE0917C65232005CAD4A /* CCEventDispatcher.h */ = {isa = PBXFileReference; lastKnownFileType = sourcecode.c.h; name = CCEventDispatcher.h; path = libs/cocos2d/Platforms/Mac/CCEventDispatcher.h; sourceTree = "<group>"; };
		0105FE0A17C65232005CAD4A /* CCEventDispatcher.m */ = {isa = PBXFileReference; lastKnownFileType = sourcecode.c.objc; name = CCEventDispatcher.m; path = libs/cocos2d/Platforms/Mac/CCEventDispatcher.m; sourceTree = "<group>"; };
		0105FE0C17C65232005CAD4A /* MacGLView.h */ = {isa = PBXFileReference; lastKnownFileType = sourcecode.c.h; name = MacGLView.h; path = libs/cocos2d/Platforms/Mac/MacGLView.h; sourceTree = "<group>"; };
		0105FE0D17C65232005CAD4A /* MacGLView.m */ = {isa = PBXFileReference; lastKnownFileType = sourcecode.c.objc; name = MacGLView.m; path = libs/cocos2d/Platforms/Mac/MacGLView.m; sourceTree = "<group>"; };
		0105FE0F17C65232005CAD4A /* MacWindow.h */ = {isa = PBXFileReference; lastKnownFileType = sourcecode.c.h; name = MacWindow.h; path = libs/cocos2d/Platforms/Mac/MacWindow.h; sourceTree = "<group>"; };
		0105FE1017C65232005CAD4A /* MacWindow.m */ = {isa = PBXFileReference; lastKnownFileType = sourcecode.c.objc; name = MacWindow.m; path = libs/cocos2d/Platforms/Mac/MacWindow.m; sourceTree = "<group>"; };
		0105FE1317C65232005CAD4A /* base64.c */ = {isa = PBXFileReference; lastKnownFileType = sourcecode.c.c; name = base64.c; path = libs/cocos2d/Support/base64.c; sourceTree = "<group>"; };
		0105FE1517C65232005CAD4A /* base64.h */ = {isa = PBXFileReference; lastKnownFileType = sourcecode.c.h; name = base64.h; path = libs/cocos2d/Support/base64.h; sourceTree = "<group>"; };
		0105FE1617C65232005CAD4A /* CCArray.h */ = {isa = PBXFileReference; lastKnownFileType = sourcecode.c.h; name = CCArray.h; path = libs/cocos2d/Support/CCArray.h; sourceTree = "<group>"; };
		0105FE1717C65232005CAD4A /* CCArray.m */ = {isa = PBXFileReference; lastKnownFileType = sourcecode.c.objc; name = CCArray.m; path = libs/cocos2d/Support/CCArray.m; sourceTree = "<group>"; };
		0105FE1917C65232005CAD4A /* ccCArray.h */ = {isa = PBXFileReference; lastKnownFileType = sourcecode.c.h; name = ccCArray.h; path = libs/cocos2d/Support/ccCArray.h; sourceTree = "<group>"; };
		0105FE1A17C65232005CAD4A /* CCFileUtils.h */ = {isa = PBXFileReference; lastKnownFileType = sourcecode.c.h; name = CCFileUtils.h; path = libs/cocos2d/Support/CCFileUtils.h; sourceTree = "<group>"; };
		0105FE1B17C65232005CAD4A /* CCFileUtils.m */ = {isa = PBXFileReference; lastKnownFileType = sourcecode.c.objc; name = CCFileUtils.m; path = libs/cocos2d/Support/CCFileUtils.m; sourceTree = "<group>"; };
		0105FE1D17C65232005CAD4A /* CCProfiling.h */ = {isa = PBXFileReference; lastKnownFileType = sourcecode.c.h; name = CCProfiling.h; path = libs/cocos2d/Support/CCProfiling.h; sourceTree = "<group>"; };
		0105FE1E17C65232005CAD4A /* CCProfiling.m */ = {isa = PBXFileReference; lastKnownFileType = sourcecode.c.objc; name = CCProfiling.m; path = libs/cocos2d/Support/CCProfiling.m; sourceTree = "<group>"; };
		0105FE2017C65232005CAD4A /* ccUtils.c */ = {isa = PBXFileReference; lastKnownFileType = sourcecode.c.c; name = ccUtils.c; path = libs/cocos2d/Support/ccUtils.c; sourceTree = "<group>"; };
		0105FE2217C65232005CAD4A /* ccUtils.h */ = {isa = PBXFileReference; lastKnownFileType = sourcecode.c.h; name = ccUtils.h; path = libs/cocos2d/Support/ccUtils.h; sourceTree = "<group>"; };
		0105FE2317C65232005CAD4A /* CGPointExtension.h */ = {isa = PBXFileReference; lastKnownFileType = sourcecode.c.h; name = CGPointExtension.h; path = libs/cocos2d/Support/CGPointExtension.h; sourceTree = "<group>"; };
		0105FE2417C65232005CAD4A /* CGPointExtension.m */ = {isa = PBXFileReference; lastKnownFileType = sourcecode.c.objc; name = CGPointExtension.m; path = libs/cocos2d/Support/CGPointExtension.m; sourceTree = "<group>"; };
		0105FE2617C65232005CAD4A /* OpenGL_Internal.h */ = {isa = PBXFileReference; lastKnownFileType = sourcecode.c.h; name = OpenGL_Internal.h; path = libs/cocos2d/Support/OpenGL_Internal.h; sourceTree = "<group>"; };
		0105FE2717C65232005CAD4A /* TGAlib.h */ = {isa = PBXFileReference; lastKnownFileType = sourcecode.c.h; name = TGAlib.h; path = libs/cocos2d/Support/TGAlib.h; sourceTree = "<group>"; };
		0105FE2817C65232005CAD4A /* TGAlib.m */ = {isa = PBXFileReference; lastKnownFileType = sourcecode.c.objc; name = TGAlib.m; path = libs/cocos2d/Support/TGAlib.m; sourceTree = "<group>"; };
		0105FE2A17C65232005CAD4A /* TransformUtils.h */ = {isa = PBXFileReference; lastKnownFileType = sourcecode.c.h; name = TransformUtils.h; path = libs/cocos2d/Support/TransformUtils.h; sourceTree = "<group>"; };
		0105FE2B17C65232005CAD4A /* TransformUtils.m */ = {isa = PBXFileReference; lastKnownFileType = sourcecode.c.objc; name = TransformUtils.m; path = libs/cocos2d/Support/TransformUtils.m; sourceTree = "<group>"; };
		0105FE2D17C65232005CAD4A /* uthash.h */ = {isa = PBXFileReference; lastKnownFileType = sourcecode.c.h; name = uthash.h; path = libs/cocos2d/Support/uthash.h; sourceTree = "<group>"; };
		0105FE2E17C65232005CAD4A /* utlist.h */ = {isa = PBXFileReference; lastKnownFileType = sourcecode.c.h; name = utlist.h; path = libs/cocos2d/Support/utlist.h; sourceTree = "<group>"; };
		0105FE2F17C65232005CAD4A /* ZipUtils.h */ = {isa = PBXFileReference; lastKnownFileType = sourcecode.c.h; name = ZipUtils.h; path = libs/cocos2d/Support/ZipUtils.h; sourceTree = "<group>"; };
		0105FE3017C65232005CAD4A /* ZipUtils.m */ = {isa = PBXFileReference; lastKnownFileType = sourcecode.c.objc; name = ZipUtils.m; path = libs/cocos2d/Support/ZipUtils.m; sourceTree = "<group>"; };
		0105FE3217C65232005CAD4A /* LICENSE_cocos2d.txt */ = {isa = PBXFileReference; lastKnownFileType = text; name = LICENSE_cocos2d.txt; path = libs/LICENSE_cocos2d.txt; sourceTree = "<group>"; };
		0105FE3417C65232005CAD4A /* CDAudioManager.h */ = {isa = PBXFileReference; lastKnownFileType = sourcecode.c.h; name = CDAudioManager.h; path = libs/CocosDenshion/CDAudioManager.h; sourceTree = "<group>"; };
		0105FE3517C65232005CAD4A /* CDAudioManager.m */ = {isa = PBXFileReference; lastKnownFileType = sourcecode.c.objc; name = CDAudioManager.m; path = libs/CocosDenshion/CDAudioManager.m; sourceTree = "<group>"; };
		0105FE3717C65232005CAD4A /* CDConfig.h */ = {isa = PBXFileReference; lastKnownFileType = sourcecode.c.h; name = CDConfig.h; path = libs/CocosDenshion/CDConfig.h; sourceTree = "<group>"; };
		0105FE3817C65232005CAD4A /* CDOpenALSupport.h */ = {isa = PBXFileReference; lastKnownFileType = sourcecode.c.h; name = CDOpenALSupport.h; path = libs/CocosDenshion/CDOpenALSupport.h; sourceTree = "<group>"; };
		0105FE3917C65232005CAD4A /* CDOpenALSupport.m */ = {isa = PBXFileReference; lastKnownFileType = sourcecode.c.objc; name = CDOpenALSupport.m; path = libs/CocosDenshion/CDOpenALSupport.m; sourceTree = "<group>"; };
		0105FE3B17C65232005CAD4A /* CocosDenshion.h */ = {isa = PBXFileReference; lastKnownFileType = sourcecode.c.h; name = CocosDenshion.h; path = libs/CocosDenshion/CocosDenshion.h; sourceTree = "<group>"; };
		0105FE3C17C65232005CAD4A /* CocosDenshion.m */ = {isa = PBXFileReference; lastKnownFileType = sourcecode.c.objc; name = CocosDenshion.m; path = libs/CocosDenshion/CocosDenshion.m; sourceTree = "<group>"; };
		0105FE3E17C65232005CAD4A /* SimpleAudioEngine.h */ = {isa = PBXFileReference; lastKnownFileType = sourcecode.c.h; name = SimpleAudioEngine.h; path = libs/CocosDenshion/SimpleAudioEngine.h; sourceTree = "<group>"; };
		0105FE3F17C65233005CAD4A /* SimpleAudioEngine.m */ = {isa = PBXFileReference; lastKnownFileType = sourcecode.c.objc; name = SimpleAudioEngine.m; path = libs/CocosDenshion/SimpleAudioEngine.m; sourceTree = "<group>"; };
		0105FE4117C65233005CAD4A /* LICENSE_CocosDenshion.txt */ = {isa = PBXFileReference; lastKnownFileType = text; name = LICENSE_CocosDenshion.txt; path = libs/LICENSE_CocosDenshion.txt; sourceTree = "<group>"; };
		0105FE4317C65233005CAD4A /* CLScoreServerPost.h */ = {isa = PBXFileReference; lastKnownFileType = sourcecode.c.h; name = CLScoreServerPost.h; path = libs/cocoslive/CLScoreServerPost.h; sourceTree = "<group>"; };
		0105FE4417C65233005CAD4A /* CLScoreServerPost.m */ = {isa = PBXFileReference; lastKnownFileType = sourcecode.c.objc; name = CLScoreServerPost.m; path = libs/cocoslive/CLScoreServerPost.m; sourceTree = "<group>"; };
		0105FE4617C65233005CAD4A /* CLScoreServerRequest.h */ = {isa = PBXFileReference; lastKnownFileType = sourcecode.c.h; name = CLScoreServerRequest.h; path = libs/cocoslive/CLScoreServerRequest.h; sourceTree = "<group>"; };
		0105FE4717C65233005CAD4A /* CLScoreServerRequest.m */ = {isa = PBXFileReference; lastKnownFileType = sourcecode.c.objc; name = CLScoreServerRequest.m; path = libs/cocoslive/CLScoreServerRequest.m; sourceTree = "<group>"; };
		0105FE4917C65233005CAD4A /* cocoslive.h */ = {isa = PBXFileReference; lastKnownFileType = sourcecode.c.h; name = cocoslive.h; path = libs/cocoslive/cocoslive.h; sourceTree = "<group>"; };
		0105FE4A17C65233005CAD4A /* cocoslive.m */ = {isa = PBXFileReference; lastKnownFileType = sourcecode.c.objc; name = cocoslive.m; path = libs/cocoslive/cocoslive.m; sourceTree = "<group>"; };
		0105FE4C17C65233005CAD4A /* LICENSE_TouchJSON.txt */ = {isa = PBXFileReference; lastKnownFileType = text; name = LICENSE_TouchJSON.txt; path = libs/LICENSE_TouchJSON.txt; sourceTree = "<group>"; };
		0105FE4E17C65233005CAD4A /* CDataScanner.h */ = {isa = PBXFileReference; lastKnownFileType = sourcecode.c.h; name = CDataScanner.h; path = libs/TouchJSON/CDataScanner.h; sourceTree = "<group>"; };
		0105FE4F17C65233005CAD4A /* CDataScanner.m */ = {isa = PBXFileReference; lastKnownFileType = sourcecode.c.objc; name = CDataScanner.m; path = libs/TouchJSON/CDataScanner.m; sourceTree = "<group>"; };
		0105FE5217C65233005CAD4A /* CDataScanner_Extensions.h */ = {isa = PBXFileReference; lastKnownFileType = sourcecode.c.h; name = CDataScanner_Extensions.h; path = libs/TouchJSON/Extensions/CDataScanner_Extensions.h; sourceTree = "<group>"; };
		0105FE5317C65233005CAD4A /* CDataScanner_Extensions.m */ = {isa = PBXFileReference; lastKnownFileType = sourcecode.c.objc; name = CDataScanner_Extensions.m; path = libs/TouchJSON/Extensions/CDataScanner_Extensions.m; sourceTree = "<group>"; };
		0105FE5517C65233005CAD4A /* NSDictionary_JSONExtensions.h */ = {isa = PBXFileReference; lastKnownFileType = sourcecode.c.h; name = NSDictionary_JSONExtensions.h; path = libs/TouchJSON/Extensions/NSDictionary_JSONExtensions.h; sourceTree = "<group>"; };
		0105FE5617C65233005CAD4A /* NSDictionary_JSONExtensions.m */ = {isa = PBXFileReference; lastKnownFileType = sourcecode.c.objc; name = NSDictionary_JSONExtensions.m; path = libs/TouchJSON/Extensions/NSDictionary_JSONExtensions.m; sourceTree = "<group>"; };
		0105FE5917C65233005CAD4A /* CJSONDeserializer.h */ = {isa = PBXFileReference; lastKnownFileType = sourcecode.c.h; name = CJSONDeserializer.h; path = libs/TouchJSON/JSON/CJSONDeserializer.h; sourceTree = "<group>"; };
		0105FE5A17C65233005CAD4A /* CJSONDeserializer.m */ = {isa = PBXFileReference; lastKnownFileType = sourcecode.c.objc; name = CJSONDeserializer.m; path = libs/TouchJSON/JSON/CJSONDeserializer.m; sourceTree = "<group>"; };
		0105FE5C17C65233005CAD4A /* CJSONScanner.h */ = {isa = PBXFileReference; lastKnownFileType = sourcecode.c.h; name = CJSONScanner.h; path = libs/TouchJSON/JSON/CJSONScanner.h; sourceTree = "<group>"; };
		0105FE5D17C65233005CAD4A /* CJSONScanner.m */ = {isa = PBXFileReference; lastKnownFileType = sourcecode.c.objc; name = CJSONScanner.m; path = libs/TouchJSON/JSON/CJSONScanner.m; sourceTree = "<group>"; };
		0105FE5F17C65233005CAD4A /* CJSONSerializer.h */ = {isa = PBXFileReference; lastKnownFileType = sourcecode.c.h; name = CJSONSerializer.h; path = libs/TouchJSON/JSON/CJSONSerializer.h; sourceTree = "<group>"; };
		0105FE6017C65233005CAD4A /* CJSONSerializer.m */ = {isa = PBXFileReference; lastKnownFileType = sourcecode.c.objc; name = CJSONSerializer.m; path = libs/TouchJSON/JSON/CJSONSerializer.m; sourceTree = "<group>"; };
		0105FE6217C65233005CAD4A /* JSONRepresentation.h */ = {isa = PBXFileReference; lastKnownFileType = sourcecode.c.h; name = JSONRepresentation.h; path = libs/TouchJSON/JSON/JSONRepresentation.h; sourceTree = "<group>"; };
		0105FE6417C65233005CAD4A /* FontLabel.h */ = {isa = PBXFileReference; lastKnownFileType = sourcecode.c.h; name = FontLabel.h; path = libs/FontLabel/FontLabel.h; sourceTree = "<group>"; };
		0105FE6517C65233005CAD4A /* FontLabel.m */ = {isa = PBXFileReference; lastKnownFileType = sourcecode.c.objc; name = FontLabel.m; path = libs/FontLabel/FontLabel.m; sourceTree = "<group>"; };
		0105FE6717C65233005CAD4A /* FontLabelStringDrawing.h */ = {isa = PBXFileReference; lastKnownFileType = sourcecode.c.h; name = FontLabelStringDrawing.h; path = libs/FontLabel/FontLabelStringDrawing.h; sourceTree = "<group>"; };
		0105FE6817C65233005CAD4A /* FontLabelStringDrawing.m */ = {isa = PBXFileReference; lastKnownFileType = sourcecode.c.objc; name = FontLabelStringDrawing.m; path = libs/FontLabel/FontLabelStringDrawing.m; sourceTree = "<group>"; };
		0105FE6A17C65233005CAD4A /* FontManager.h */ = {isa = PBXFileReference; lastKnownFileType = sourcecode.c.h; name = FontManager.h; path = libs/FontLabel/FontManager.h; sourceTree = "<group>"; };
		0105FE6B17C65233005CAD4A /* FontManager.m */ = {isa = PBXFileReference; lastKnownFileType = sourcecode.c.objc; name = FontManager.m; path = libs/FontLabel/FontManager.m; sourceTree = "<group>"; };
		0105FE6D17C65233005CAD4A /* ZAttributedString.h */ = {isa = PBXFileReference; lastKnownFileType = sourcecode.c.h; name = ZAttributedString.h; path = libs/FontLabel/ZAttributedString.h; sourceTree = "<group>"; };
		0105FE6E17C65233005CAD4A /* ZAttributedString.m */ = {isa = PBXFileReference; lastKnownFileType = sourcecode.c.objc; name = ZAttributedString.m; path = libs/FontLabel/ZAttributedString.m; sourceTree = "<group>"; };
		0105FE7017C65233005CAD4A /* ZAttributedStringPrivate.h */ = {isa = PBXFileReference; lastKnownFileType = sourcecode.c.h; name = ZAttributedStringPrivate.h; path = libs/FontLabel/ZAttributedStringPrivate.h; sourceTree = "<group>"; };
		0105FE7117C65233005CAD4A /* ZFont.h */ = {isa = PBXFileReference; lastKnownFileType = sourcecode.c.h; name = ZFont.h; path = libs/FontLabel/ZFont.h; sourceTree = "<group>"; };
		0105FE7217C65233005CAD4A /* ZFont.m */ = {isa = PBXFileReference; lastKnownFileType = sourcecode.c.objc; name = ZFont.m; path = libs/FontLabel/ZFont.m; sourceTree = "<group>"; };
		0105FE7417C65233005CAD4A /* LICENSE_FontLabel.txt */ = {isa = PBXFileReference; lastKnownFileType = text; name = LICENSE_FontLabel.txt; path = libs/LICENSE_FontLabel.txt; sourceTree = "<group>"; };
		0105FE7617C65233005CAD4A /* Prefix.pch */ = {isa = PBXFileReference; lastKnownFileType = sourcecode.c.h; path = Prefix.pch; sourceTree = "<group>"; };
		0105FE7717C65233005CAD4A /* main.m */ = {isa = PBXFileReference; lastKnownFileType = sourcecode.c.objc; path = main.m; sourceTree = "<group>"; };
		0105FE7917C65233005CAD4A /* AppDelegate.h */ = {isa = PBXFileReference; lastKnownFileType = sourcecode.c.h; path = AppDelegate.h; sourceTree = "<group>"; };
		0105FE7A17C65233005CAD4A /* AppDelegate.m */ = {isa = PBXFileReference; lastKnownFileType = sourcecode.c.objc; path = AppDelegate.m; sourceTree = "<group>"; };
		0105FE7C17C65233005CAD4A /* RootViewController.h */ = {isa = PBXFileReference; lastKnownFileType = sourcecode.c.h; path = RootViewController.h; sourceTree = "<group>"; };
		0105FE7D17C65233005CAD4A /* RootViewController.m */ = {isa = PBXFileReference; lastKnownFileType = sourcecode.c.objc; path = RootViewController.m; sourceTree = "<group>"; };
		0105FE7F17C65233005CAD4A /* HelloWorldLayer.h */ = {isa = PBXFileReference; lastKnownFileType = sourcecode.c.h; path = HelloWorldLayer.h; sourceTree = "<group>"; };
		0105FE8017C65233005CAD4A /* HelloWorldLayer.m */ = {isa = PBXFileReference; lastKnownFileType = sourcecode.c.objc; path = HelloWorldLayer.m; sourceTree = "<group>"; };
		0105FE8217C65233005CAD4A /* GameConfig.h */ = {isa = PBXFileReference; lastKnownFileType = sourcecode.c.h; path = GameConfig.h; sourceTree = "<group>"; };
/* End PBXFileReference section */

/* Begin PBXFrameworksBuildPhase section */
		0105FD0E17C65231005CAD4A /* Frameworks */ = {
			isa = PBXFrameworksBuildPhase;
			buildActionMask = 2147483647;
			files = (
				0105FD1517C65231005CAD4A /* QuartzCore.framework in Frameworks */,
				0105FD1717C65231005CAD4A /* OpenGLES.framework in Frameworks */,
				0105FD1917C65231005CAD4A /* OpenAL.framework in Frameworks */,
				0105FD1B17C65231005CAD4A /* AudioToolbox.framework in Frameworks */,
				0105FD1D17C65231005CAD4A /* AVFoundation.framework in Frameworks */,
				0105FD1F17C65231005CAD4A /* UIKit.framework in Frameworks */,
				0105FD2117C65231005CAD4A /* Foundation.framework in Frameworks */,
				0105FD2317C65231005CAD4A /* CoreGraphics.framework in Frameworks */,
			);
			runOnlyForDeploymentPostprocessing = 0;
		};
/* End PBXFrameworksBuildPhase section */

/* Begin PBXGroup section */
		0105FD0817C65231005CAD4A = {
			isa = PBXGroup;
			children = (
				0105FD2417C65231005CAD4A /* ApportableCocosTTFTest */,
				0105FD1317C65231005CAD4A /* Frameworks */,
				0105FD1217C65231005CAD4A /* Products */,
			);
			sourceTree = "<group>";
		};
		0105FD1217C65231005CAD4A /* Products */ = {
			isa = PBXGroup;
			children = (
				0105FD1117C65231005CAD4A /* ApportableCocosTTFTest.app */,
			);
			name = Products;
			sourceTree = "<group>";
		};
		0105FD1317C65231005CAD4A /* Frameworks */ = {
			isa = PBXGroup;
			children = (
				0105FD1417C65231005CAD4A /* QuartzCore.framework */,
				0105FD1617C65231005CAD4A /* OpenGLES.framework */,
				0105FD1817C65231005CAD4A /* OpenAL.framework */,
				0105FD1A17C65231005CAD4A /* AudioToolbox.framework */,
				0105FD1C17C65231005CAD4A /* AVFoundation.framework */,
				0105FD1E17C65231005CAD4A /* UIKit.framework */,
				0105FD2017C65231005CAD4A /* Foundation.framework */,
				0105FD2217C65231005CAD4A /* CoreGraphics.framework */,
			);
			name = Frameworks;
			sourceTree = "<group>";
		};
		0105FD2417C65231005CAD4A /* ApportableCocosTTFTest */ = {
			isa = PBXGroup;
			children = (
				0105FE7917C65233005CAD4A /* AppDelegate.h */,
				0105FE7A17C65233005CAD4A /* AppDelegate.m */,
				0105FE7C17C65233005CAD4A /* RootViewController.h */,
				0105FE7D17C65233005CAD4A /* RootViewController.m */,
				0105FE7F17C65233005CAD4A /* HelloWorldLayer.h */,
				0105FE8017C65233005CAD4A /* HelloWorldLayer.m */,
				0105FE8217C65233005CAD4A /* GameConfig.h */,
				0105FD2517C65231005CAD4A /* Resources */,
				0105FD3917C65231005CAD4A /* libs */,
				0105FE7517C65233005CAD4A /* Supporting Files */,
			);
			path = ApportableCocosTTFTest;
			sourceTree = "<group>";
		};
		0105FD2517C65231005CAD4A /* Resources */ = {
			isa = PBXGroup;
			children = (
				0105FD2617C65231005CAD4A /* Default.png */,
				0105FD2817C65231005CAD4A /* fps_images.png */,
				0105FD2A17C65231005CAD4A /* Icon-72.png */,
				0105FD2C17C65231005CAD4A /* Icon-Small-50.png */,
				0105FD2E17C65231005CAD4A /* Icon-Small.png */,
				0105FD3017C65231005CAD4A /* Icon-Small@2x.png */,
				0105FD3217C65231005CAD4A /* Icon.png */,
				0105FD3417C65231005CAD4A /* Icon@2x.png */,
				0105FD3617C65231005CAD4A /* Info.plist */,
				0105FD3717C65231005CAD4A /* iTunesArtwork */,
			);
			name = Resources;
			sourceTree = "<group>";
		};
		0105FD3917C65231005CAD4A /* libs */ = {
			isa = PBXGroup;
			children = (
				0105FE3217C65232005CAD4A /* LICENSE_cocos2d.txt */,
				0105FE4117C65233005CAD4A /* LICENSE_CocosDenshion.txt */,
				0105FE4C17C65233005CAD4A /* LICENSE_TouchJSON.txt */,
				0105FE7417C65233005CAD4A /* LICENSE_FontLabel.txt */,
				0105FD3A17C65231005CAD4A /* cocos2d */,
				0105FE3317C65232005CAD4A /* CocosDenshion */,
				0105FE4217C65233005CAD4A /* cocoslive */,
				0105FE4D17C65233005CAD4A /* TouchJSON */,
				0105FE6317C65233005CAD4A /* FontLabel */,
			);
			name = libs;
			sourceTree = "<group>";
		};
		0105FD3A17C65231005CAD4A /* cocos2d */ = {
			isa = PBXGroup;
			children = (
				0105FD3B17C65231005CAD4A /* CCAction.h */,
				0105FD3C17C65231005CAD4A /* CCAction.m */,
				0105FD3E17C65231005CAD4A /* CCActionCamera.h */,
				0105FD3F17C65231005CAD4A /* CCActionCamera.m */,
				0105FD4117C65231005CAD4A /* CCActionEase.h */,
				0105FD4217C65231005CAD4A /* CCActionEase.m */,
				0105FD4417C65231005CAD4A /* CCActionGrid.h */,
				0105FD4517C65231005CAD4A /* CCActionGrid.m */,
				0105FD4717C65231005CAD4A /* CCActionGrid3D.h */,
				0105FD4817C65231005CAD4A /* CCActionGrid3D.m */,
				0105FD4A17C65231005CAD4A /* CCActionInstant.h */,
				0105FD4B17C65231005CAD4A /* CCActionInstant.m */,
				0105FD4D17C65231005CAD4A /* CCActionInterval.h */,
				0105FD4E17C65231005CAD4A /* CCActionInterval.m */,
				0105FD5017C65231005CAD4A /* CCActionManager.h */,
				0105FD5117C65231005CAD4A /* CCActionManager.m */,
				0105FD5317C65231005CAD4A /* CCActionPageTurn3D.h */,
				0105FD5417C65231005CAD4A /* CCActionPageTurn3D.m */,
				0105FD5617C65231005CAD4A /* CCActionProgressTimer.h */,
				0105FD5717C65231005CAD4A /* CCActionProgressTimer.m */,
				0105FD5917C65231005CAD4A /* CCActionTiledGrid.h */,
				0105FD5A17C65231005CAD4A /* CCActionTiledGrid.m */,
				0105FD5C17C65231005CAD4A /* CCActionTween.h */,
				0105FD5D17C65231005CAD4A /* CCActionTween.m */,
				0105FD5F17C65231005CAD4A /* CCAnimation.h */,
				0105FD6017C65231005CAD4A /* CCAnimation.m */,
				0105FD6217C65231005CAD4A /* CCAnimationCache.h */,
				0105FD6317C65231005CAD4A /* CCAnimationCache.m */,
				0105FD6517C65231005CAD4A /* CCAtlasNode.h */,
				0105FD6617C65231005CAD4A /* CCAtlasNode.m */,
				0105FD6817C65231005CAD4A /* CCBlockSupport.h */,
				0105FD6917C65231005CAD4A /* CCBlockSupport.m */,
				0105FD6B17C65231005CAD4A /* CCCamera.h */,
				0105FD6C17C65231005CAD4A /* CCCamera.m */,
				0105FD6E17C65231005CAD4A /* ccConfig.h */,
				0105FD6F17C65231005CAD4A /* CCConfiguration.h */,
				0105FD7017C65231005CAD4A /* CCConfiguration.m */,
				0105FD7217C65231005CAD4A /* CCDirector.h */,
				0105FD7317C65231005CAD4A /* CCDirector.m */,
				0105FD7517C65231005CAD4A /* CCDrawingPrimitives.h */,
				0105FD7617C65231005CAD4A /* CCDrawingPrimitives.m */,
				0105FD7817C65231005CAD4A /* CCGrabber.h */,
				0105FD7917C65231005CAD4A /* CCGrabber.m */,
				0105FD7B17C65231005CAD4A /* CCGrid.h */,
				0105FD7C17C65231005CAD4A /* CCGrid.m */,
				0105FD7E17C65231005CAD4A /* CCLabelAtlas.h */,
				0105FD7F17C65231005CAD4A /* CCLabelAtlas.m */,
				0105FD8117C65231005CAD4A /* CCLabelBMFont.h */,
				0105FD8217C65231005CAD4A /* CCLabelBMFont.m */,
				0105FD8417C65231005CAD4A /* CCLabelTTF.h */,
				0105FD8517C65231005CAD4A /* CCLabelTTF.m */,
				0105FD8717C65231005CAD4A /* CCLayer.h */,
				0105FD8817C65231005CAD4A /* CCLayer.m */,
				0105FD8A17C65231005CAD4A /* ccMacros.h */,
				0105FD8B17C65231005CAD4A /* CCMenu.h */,
				0105FD8C17C65231005CAD4A /* CCMenu.m */,
				0105FD8E17C65231005CAD4A /* CCMenuItem.h */,
				0105FD8F17C65231005CAD4A /* CCMenuItem.m */,
				0105FD9117C65231005CAD4A /* CCMotionStreak.h */,
				0105FD9217C65231005CAD4A /* CCMotionStreak.m */,
				0105FD9417C65231005CAD4A /* CCNode.h */,
				0105FD9517C65231005CAD4A /* CCNode.m */,
				0105FD9717C65231005CAD4A /* CCParallaxNode.h */,
				0105FD9817C65231005CAD4A /* CCParallaxNode.m */,
				0105FD9A17C65231005CAD4A /* CCParticleBatchNode.h */,
				0105FD9B17C65231005CAD4A /* CCParticleBatchNode.m */,
				0105FD9D17C65231005CAD4A /* CCParticleExamples.h */,
				0105FD9E17C65231005CAD4A /* CCParticleExamples.m */,
				0105FDA017C65231005CAD4A /* CCParticleSystem.h */,
				0105FDA117C65231005CAD4A /* CCParticleSystem.m */,
				0105FDA317C65231005CAD4A /* CCParticleSystemPoint.h */,
				0105FDA417C65231005CAD4A /* CCParticleSystemPoint.m */,
				0105FDA617C65231005CAD4A /* CCParticleSystemQuad.h */,
				0105FDA717C65232005CAD4A /* CCParticleSystemQuad.m */,
				0105FDA917C65232005CAD4A /* CCProgressTimer.h */,
				0105FDAA17C65232005CAD4A /* CCProgressTimer.m */,
				0105FDAC17C65232005CAD4A /* CCProtocols.h */,
				0105FDAD17C65232005CAD4A /* CCRenderTexture.h */,
				0105FDAE17C65232005CAD4A /* CCRenderTexture.m */,
				0105FDB017C65232005CAD4A /* CCRibbon.h */,
				0105FDB117C65232005CAD4A /* CCRibbon.m */,
				0105FDB317C65232005CAD4A /* CCScene.h */,
				0105FDB417C65232005CAD4A /* CCScene.m */,
				0105FDB617C65232005CAD4A /* CCScheduler.h */,
				0105FDB717C65232005CAD4A /* CCScheduler.m */,
				0105FDB917C65232005CAD4A /* CCSprite.h */,
				0105FDBA17C65232005CAD4A /* CCSprite.m */,
				0105FDBC17C65232005CAD4A /* CCSpriteBatchNode.h */,
				0105FDBD17C65232005CAD4A /* CCSpriteBatchNode.m */,
				0105FDBF17C65232005CAD4A /* CCSpriteFrame.h */,
				0105FDC017C65232005CAD4A /* CCSpriteFrame.m */,
				0105FDC217C65232005CAD4A /* CCSpriteFrameCache.h */,
				0105FDC317C65232005CAD4A /* CCSpriteFrameCache.m */,
				0105FDC517C65232005CAD4A /* CCTexture2D.h */,
				0105FDC617C65232005CAD4A /* CCTexture2D.m */,
				0105FDC817C65232005CAD4A /* CCTextureAtlas.h */,
				0105FDC917C65232005CAD4A /* CCTextureAtlas.m */,
				0105FDCB17C65232005CAD4A /* CCTextureCache.h */,
				0105FDCC17C65232005CAD4A /* CCTextureCache.m */,
				0105FDCE17C65232005CAD4A /* CCTexturePVR.h */,
				0105FDCF17C65232005CAD4A /* CCTexturePVR.m */,
				0105FDD117C65232005CAD4A /* CCTileMapAtlas.h */,
				0105FDD217C65232005CAD4A /* CCTileMapAtlas.m */,
				0105FDD417C65232005CAD4A /* CCTMXLayer.h */,
				0105FDD517C65232005CAD4A /* CCTMXLayer.m */,
				0105FDD717C65232005CAD4A /* CCTMXObjectGroup.h */,
				0105FDD817C65232005CAD4A /* CCTMXObjectGroup.m */,
				0105FDDA17C65232005CAD4A /* CCTMXTiledMap.h */,
				0105FDDB17C65232005CAD4A /* CCTMXTiledMap.m */,
				0105FDDD17C65232005CAD4A /* CCTMXXMLParser.h */,
				0105FDDE17C65232005CAD4A /* CCTMXXMLParser.m */,
				0105FDE017C65232005CAD4A /* CCTransition.h */,
				0105FDE117C65232005CAD4A /* CCTransition.m */,
				0105FDE317C65232005CAD4A /* CCTransitionPageTurn.h */,
				0105FDE417C65232005CAD4A /* CCTransitionPageTurn.m */,
				0105FDE617C65232005CAD4A /* CCTransitionRadial.h */,
				0105FDE717C65232005CAD4A /* CCTransitionRadial.m */,
				0105FDE917C65232005CAD4A /* ccTypes.h */,
				0105FDEA17C65232005CAD4A /* cocos2d.h */,
				0105FDEB17C65232005CAD4A /* cocos2d.m */,
				0105FDED17C65232005CAD4A /* Platforms */,
				0105FE1217C65232005CAD4A /* Support */,
			);
			name = cocos2d;
			sourceTree = "<group>";
		};
		0105FDED17C65232005CAD4A /* Platforms */ = {
			isa = PBXGroup;
			children = (
				0105FDEE17C65232005CAD4A /* CCGL.h */,
				0105FDEF17C65232005CAD4A /* CCNS.h */,
				0105FDF017C65232005CAD4A /* iOS */,
				0105FE0517C65232005CAD4A /* Mac */,
			);
			name = Platforms;
			sourceTree = "<group>";
		};
		0105FDF017C65232005CAD4A /* iOS */ = {
			isa = PBXGroup;
			children = (
				0105FDF117C65232005CAD4A /* CCDirectorIOS.h */,
				0105FDF217C65232005CAD4A /* CCDirectorIOS.m */,
				0105FDF417C65232005CAD4A /* CCTouchDelegateProtocol.h */,
				0105FDF517C65232005CAD4A /* CCTouchDispatcher.h */,
				0105FDF617C65232005CAD4A /* CCTouchDispatcher.m */,
				0105FDF817C65232005CAD4A /* CCTouchHandler.h */,
				0105FDF917C65232005CAD4A /* CCTouchHandler.m */,
				0105FDFB17C65232005CAD4A /* EAGLView.h */,
				0105FDFC17C65232005CAD4A /* EAGLView.m */,
				0105FDFE17C65232005CAD4A /* ES1Renderer.h */,
				0105FDFF17C65232005CAD4A /* ES1Renderer.m */,
				0105FE0117C65232005CAD4A /* ESRenderer.h */,
				0105FE0217C65232005CAD4A /* glu.c */,
				0105FE0417C65232005CAD4A /* glu.h */,
			);
			name = iOS;
			sourceTree = "<group>";
		};
		0105FE0517C65232005CAD4A /* Mac */ = {
			isa = PBXGroup;
			children = (
				0105FE0617C65232005CAD4A /* CCDirectorMac.h */,
				0105FE0717C65232005CAD4A /* CCDirectorMac.m */,
				0105FE0917C65232005CAD4A /* CCEventDispatcher.h */,
				0105FE0A17C65232005CAD4A /* CCEventDispatcher.m */,
				0105FE0C17C65232005CAD4A /* MacGLView.h */,
				0105FE0D17C65232005CAD4A /* MacGLView.m */,
				0105FE0F17C65232005CAD4A /* MacWindow.h */,
				0105FE1017C65232005CAD4A /* MacWindow.m */,
			);
			name = Mac;
			sourceTree = "<group>";
		};
		0105FE1217C65232005CAD4A /* Support */ = {
			isa = PBXGroup;
			children = (
				0105FE1317C65232005CAD4A /* base64.c */,
				0105FE1517C65232005CAD4A /* base64.h */,
				0105FE1617C65232005CAD4A /* CCArray.h */,
				0105FE1717C65232005CAD4A /* CCArray.m */,
				0105FE1917C65232005CAD4A /* ccCArray.h */,
				0105FE1A17C65232005CAD4A /* CCFileUtils.h */,
				0105FE1B17C65232005CAD4A /* CCFileUtils.m */,
				0105FE1D17C65232005CAD4A /* CCProfiling.h */,
				0105FE1E17C65232005CAD4A /* CCProfiling.m */,
				0105FE2017C65232005CAD4A /* ccUtils.c */,
				0105FE2217C65232005CAD4A /* ccUtils.h */,
				0105FE2317C65232005CAD4A /* CGPointExtension.h */,
				0105FE2417C65232005CAD4A /* CGPointExtension.m */,
				0105FE2617C65232005CAD4A /* OpenGL_Internal.h */,
				0105FE2717C65232005CAD4A /* TGAlib.h */,
				0105FE2817C65232005CAD4A /* TGAlib.m */,
				0105FE2A17C65232005CAD4A /* TransformUtils.h */,
				0105FE2B17C65232005CAD4A /* TransformUtils.m */,
				0105FE2D17C65232005CAD4A /* uthash.h */,
				0105FE2E17C65232005CAD4A /* utlist.h */,
				0105FE2F17C65232005CAD4A /* ZipUtils.h */,
				0105FE3017C65232005CAD4A /* ZipUtils.m */,
			);
			name = Support;
			sourceTree = "<group>";
		};
		0105FE3317C65232005CAD4A /* CocosDenshion */ = {
			isa = PBXGroup;
			children = (
				0105FE3417C65232005CAD4A /* CDAudioManager.h */,
				0105FE3517C65232005CAD4A /* CDAudioManager.m */,
				0105FE3717C65232005CAD4A /* CDConfig.h */,
				0105FE3817C65232005CAD4A /* CDOpenALSupport.h */,
				0105FE3917C65232005CAD4A /* CDOpenALSupport.m */,
				0105FE3B17C65232005CAD4A /* CocosDenshion.h */,
				0105FE3C17C65232005CAD4A /* CocosDenshion.m */,
				0105FE3E17C65232005CAD4A /* SimpleAudioEngine.h */,
				0105FE3F17C65233005CAD4A /* SimpleAudioEngine.m */,
			);
			name = CocosDenshion;
			sourceTree = "<group>";
		};
		0105FE4217C65233005CAD4A /* cocoslive */ = {
			isa = PBXGroup;
			children = (
				0105FE4317C65233005CAD4A /* CLScoreServerPost.h */,
				0105FE4417C65233005CAD4A /* CLScoreServerPost.m */,
				0105FE4617C65233005CAD4A /* CLScoreServerRequest.h */,
				0105FE4717C65233005CAD4A /* CLScoreServerRequest.m */,
				0105FE4917C65233005CAD4A /* cocoslive.h */,
				0105FE4A17C65233005CAD4A /* cocoslive.m */,
			);
			name = cocoslive;
			sourceTree = "<group>";
		};
		0105FE4D17C65233005CAD4A /* TouchJSON */ = {
			isa = PBXGroup;
			children = (
				0105FE4E17C65233005CAD4A /* CDataScanner.h */,
				0105FE4F17C65233005CAD4A /* CDataScanner.m */,
				0105FE5117C65233005CAD4A /* Extensions */,
				0105FE5817C65233005CAD4A /* JSON */,
			);
			name = TouchJSON;
			sourceTree = "<group>";
		};
		0105FE5117C65233005CAD4A /* Extensions */ = {
			isa = PBXGroup;
			children = (
				0105FE5217C65233005CAD4A /* CDataScanner_Extensions.h */,
				0105FE5317C65233005CAD4A /* CDataScanner_Extensions.m */,
				0105FE5517C65233005CAD4A /* NSDictionary_JSONExtensions.h */,
				0105FE5617C65233005CAD4A /* NSDictionary_JSONExtensions.m */,
			);
			name = Extensions;
			sourceTree = "<group>";
		};
		0105FE5817C65233005CAD4A /* JSON */ = {
			isa = PBXGroup;
			children = (
				0105FE5917C65233005CAD4A /* CJSONDeserializer.h */,
				0105FE5A17C65233005CAD4A /* CJSONDeserializer.m */,
				0105FE5C17C65233005CAD4A /* CJSONScanner.h */,
				0105FE5D17C65233005CAD4A /* CJSONScanner.m */,
				0105FE5F17C65233005CAD4A /* CJSONSerializer.h */,
				0105FE6017C65233005CAD4A /* CJSONSerializer.m */,
				0105FE6217C65233005CAD4A /* JSONRepresentation.h */,
			);
			name = JSON;
			sourceTree = "<group>";
		};
		0105FE6317C65233005CAD4A /* FontLabel */ = {
			isa = PBXGroup;
			children = (
				0105FE6417C65233005CAD4A /* FontLabel.h */,
				0105FE6517C65233005CAD4A /* FontLabel.m */,
				0105FE6717C65233005CAD4A /* FontLabelStringDrawing.h */,
				0105FE6817C65233005CAD4A /* FontLabelStringDrawing.m */,
				0105FE6A17C65233005CAD4A /* FontManager.h */,
				0105FE6B17C65233005CAD4A /* FontManager.m */,
				0105FE6D17C65233005CAD4A /* ZAttributedString.h */,
				0105FE6E17C65233005CAD4A /* ZAttributedString.m */,
				0105FE7017C65233005CAD4A /* ZAttributedStringPrivate.h */,
				0105FE7117C65233005CAD4A /* ZFont.h */,
				0105FE7217C65233005CAD4A /* ZFont.m */,
			);
			name = FontLabel;
			sourceTree = "<group>";
		};
		0105FE7517C65233005CAD4A /* Supporting Files */ = {
			isa = PBXGroup;
			children = (
				0105FE7617C65233005CAD4A /* Prefix.pch */,
				0105FE7717C65233005CAD4A /* main.m */,
			);
			name = "Supporting Files";
			sourceTree = "<group>";
		};
/* End PBXGroup section */

/* Begin PBXNativeTarget section */
		0105FD1017C65231005CAD4A /* ApportableCocosTTFTest */ = {
			isa = PBXNativeTarget;
			buildConfigurationList = 0105FE8517C65233005CAD4A /* Build configuration list for PBXNativeTarget "ApportableCocosTTFTest" */;
			buildPhases = (
				0105FD0D17C65231005CAD4A /* Sources */,
				0105FD0E17C65231005CAD4A /* Frameworks */,
				0105FD0F17C65231005CAD4A /* Resources */,
			);
			buildRules = (
			);
			dependencies = (
			);
			name = ApportableCocosTTFTest;
			productName = ApportableCocosTTFTest;
			productReference = 0105FD1117C65231005CAD4A /* ApportableCocosTTFTest.app */;
			productType = "com.apple.product-type.application";
		};
/* End PBXNativeTarget section */

/* Begin PBXProject section */
		0105FD0917C65231005CAD4A /* Project object */ = {
			isa = PBXProject;
			attributes = {
				LastUpgradeCheck = 0460;
			};
			buildConfigurationList = 0105FD0C17C65231005CAD4A /* Build configuration list for PBXProject "ApportableCocosTTFTest" */;
			compatibilityVersion = "Xcode 3.2";
			developmentRegion = English;
			hasScannedForEncodings = 0;
			knownRegions = (
				en,
			);
			mainGroup = 0105FD0817C65231005CAD4A;
			productRefGroup = 0105FD1217C65231005CAD4A /* Products */;
			projectDirPath = "";
			projectRoot = "";
			targets = (
				0105FD1017C65231005CAD4A /* ApportableCocosTTFTest */,
			);
		};
/* End PBXProject section */

/* Begin PBXResourcesBuildPhase section */
		0105FD0F17C65231005CAD4A /* Resources */ = {
			isa = PBXResourcesBuildPhase;
			buildActionMask = 2147483647;
			files = (
				0105FD2717C65231005CAD4A /* Default.png in Resources */,
				0105FD2917C65231005CAD4A /* fps_images.png in Resources */,
				0105FD2B17C65231005CAD4A /* Icon-72.png in Resources */,
				0105FD2D17C65231005CAD4A /* Icon-Small-50.png in Resources */,
				0105FD2F17C65231005CAD4A /* Icon-Small.png in Resources */,
				0105FD3117C65231005CAD4A /* Icon-Small@2x.png in Resources */,
				0105FD3317C65231005CAD4A /* Icon.png in Resources */,
				0105FD3517C65231005CAD4A /* Icon@2x.png in Resources */,
				0105FD3817C65231005CAD4A /* iTunesArtwork in Resources */,
			);
			runOnlyForDeploymentPostprocessing = 0;
		};
/* End PBXResourcesBuildPhase section */

/* Begin PBXSourcesBuildPhase section */
		0105FD0D17C65231005CAD4A /* Sources */ = {
			isa = PBXSourcesBuildPhase;
			buildActionMask = 2147483647;
			files = (
				0105FD3D17C65231005CAD4A /* CCAction.m in Sources */,
				0105FD4017C65231005CAD4A /* CCActionCamera.m in Sources */,
				0105FD4317C65231005CAD4A /* CCActionEase.m in Sources */,
				0105FD4617C65231005CAD4A /* CCActionGrid.m in Sources */,
				0105FD4917C65231005CAD4A /* CCActionGrid3D.m in Sources */,
				0105FD4C17C65231005CAD4A /* CCActionInstant.m in Sources */,
				0105FD4F17C65231005CAD4A /* CCActionInterval.m in Sources */,
				0105FD5217C65231005CAD4A /* CCActionManager.m in Sources */,
				0105FD5517C65231005CAD4A /* CCActionPageTurn3D.m in Sources */,
				0105FD5817C65231005CAD4A /* CCActionProgressTimer.m in Sources */,
				0105FD5B17C65231005CAD4A /* CCActionTiledGrid.m in Sources */,
				0105FD5E17C65231005CAD4A /* CCActionTween.m in Sources */,
				0105FD6117C65231005CAD4A /* CCAnimation.m in Sources */,
				0105FD6417C65231005CAD4A /* CCAnimationCache.m in Sources */,
				0105FD6717C65231005CAD4A /* CCAtlasNode.m in Sources */,
				0105FD6A17C65231005CAD4A /* CCBlockSupport.m in Sources */,
				0105FD6D17C65231005CAD4A /* CCCamera.m in Sources */,
				0105FD7117C65231005CAD4A /* CCConfiguration.m in Sources */,
				0105FD7417C65231005CAD4A /* CCDirector.m in Sources */,
				0105FD7717C65231005CAD4A /* CCDrawingPrimitives.m in Sources */,
				0105FD7A17C65231005CAD4A /* CCGrabber.m in Sources */,
				0105FD7D17C65231005CAD4A /* CCGrid.m in Sources */,
				0105FD8017C65231005CAD4A /* CCLabelAtlas.m in Sources */,
				0105FD8317C65231005CAD4A /* CCLabelBMFont.m in Sources */,
				0105FD8617C65231005CAD4A /* CCLabelTTF.m in Sources */,
				0105FD8917C65231005CAD4A /* CCLayer.m in Sources */,
				0105FD8D17C65231005CAD4A /* CCMenu.m in Sources */,
				0105FD9017C65231005CAD4A /* CCMenuItem.m in Sources */,
				0105FD9317C65231005CAD4A /* CCMotionStreak.m in Sources */,
				0105FD9617C65231005CAD4A /* CCNode.m in Sources */,
				0105FD9917C65231005CAD4A /* CCParallaxNode.m in Sources */,
				0105FD9C17C65231005CAD4A /* CCParticleBatchNode.m in Sources */,
				0105FD9F17C65231005CAD4A /* CCParticleExamples.m in Sources */,
				0105FDA217C65231005CAD4A /* CCParticleSystem.m in Sources */,
				0105FDA517C65231005CAD4A /* CCParticleSystemPoint.m in Sources */,
				0105FDA817C65232005CAD4A /* CCParticleSystemQuad.m in Sources */,
				0105FDAB17C65232005CAD4A /* CCProgressTimer.m in Sources */,
				0105FDAF17C65232005CAD4A /* CCRenderTexture.m in Sources */,
				0105FDB217C65232005CAD4A /* CCRibbon.m in Sources */,
				0105FDB517C65232005CAD4A /* CCScene.m in Sources */,
				0105FDB817C65232005CAD4A /* CCScheduler.m in Sources */,
				0105FDBB17C65232005CAD4A /* CCSprite.m in Sources */,
				0105FDBE17C65232005CAD4A /* CCSpriteBatchNode.m in Sources */,
				0105FDC117C65232005CAD4A /* CCSpriteFrame.m in Sources */,
				0105FDC417C65232005CAD4A /* CCSpriteFrameCache.m in Sources */,
				0105FDC717C65232005CAD4A /* CCTexture2D.m in Sources */,
				0105FDCA17C65232005CAD4A /* CCTextureAtlas.m in Sources */,
				0105FDCD17C65232005CAD4A /* CCTextureCache.m in Sources */,
				0105FDD017C65232005CAD4A /* CCTexturePVR.m in Sources */,
				0105FDD317C65232005CAD4A /* CCTileMapAtlas.m in Sources */,
				0105FDD617C65232005CAD4A /* CCTMXLayer.m in Sources */,
				0105FDD917C65232005CAD4A /* CCTMXObjectGroup.m in Sources */,
				0105FDDC17C65232005CAD4A /* CCTMXTiledMap.m in Sources */,
				0105FDDF17C65232005CAD4A /* CCTMXXMLParser.m in Sources */,
				0105FDE217C65232005CAD4A /* CCTransition.m in Sources */,
				0105FDE517C65232005CAD4A /* CCTransitionPageTurn.m in Sources */,
				0105FDE817C65232005CAD4A /* CCTransitionRadial.m in Sources */,
				0105FDEC17C65232005CAD4A /* cocos2d.m in Sources */,
				0105FDF317C65232005CAD4A /* CCDirectorIOS.m in Sources */,
				0105FDF717C65232005CAD4A /* CCTouchDispatcher.m in Sources */,
				0105FDFA17C65232005CAD4A /* CCTouchHandler.m in Sources */,
				0105FDFD17C65232005CAD4A /* EAGLView.m in Sources */,
				0105FE0017C65232005CAD4A /* ES1Renderer.m in Sources */,
				0105FE0317C65232005CAD4A /* glu.c in Sources */,
				0105FE0817C65232005CAD4A /* CCDirectorMac.m in Sources */,
				0105FE0B17C65232005CAD4A /* CCEventDispatcher.m in Sources */,
				0105FE0E17C65232005CAD4A /* MacGLView.m in Sources */,
				0105FE1117C65232005CAD4A /* MacWindow.m in Sources */,
				0105FE1417C65232005CAD4A /* base64.c in Sources */,
				0105FE1817C65232005CAD4A /* CCArray.m in Sources */,
				0105FE1C17C65232005CAD4A /* CCFileUtils.m in Sources */,
				0105FE1F17C65232005CAD4A /* CCProfiling.m in Sources */,
				0105FE2117C65232005CAD4A /* ccUtils.c in Sources */,
				0105FE2517C65232005CAD4A /* CGPointExtension.m in Sources */,
				0105FE2917C65232005CAD4A /* TGAlib.m in Sources */,
				0105FE2C17C65232005CAD4A /* TransformUtils.m in Sources */,
				0105FE3117C65232005CAD4A /* ZipUtils.m in Sources */,
				0105FE3617C65232005CAD4A /* CDAudioManager.m in Sources */,
				0105FE3A17C65232005CAD4A /* CDOpenALSupport.m in Sources */,
				0105FE3D17C65232005CAD4A /* CocosDenshion.m in Sources */,
				0105FE4017C65233005CAD4A /* SimpleAudioEngine.m in Sources */,
				0105FE4517C65233005CAD4A /* CLScoreServerPost.m in Sources */,
				0105FE4817C65233005CAD4A /* CLScoreServerRequest.m in Sources */,
				0105FE4B17C65233005CAD4A /* cocoslive.m in Sources */,
				0105FE5017C65233005CAD4A /* CDataScanner.m in Sources */,
				0105FE5417C65233005CAD4A /* CDataScanner_Extensions.m in Sources */,
				0105FE5717C65233005CAD4A /* NSDictionary_JSONExtensions.m in Sources */,
				0105FE5B17C65233005CAD4A /* CJSONDeserializer.m in Sources */,
				0105FE5E17C65233005CAD4A /* CJSONScanner.m in Sources */,
				0105FE6117C65233005CAD4A /* CJSONSerializer.m in Sources */,
				0105FE6617C65233005CAD4A /* FontLabel.m in Sources */,
				0105FE6917C65233005CAD4A /* FontLabelStringDrawing.m in Sources */,
				0105FE6C17C65233005CAD4A /* FontManager.m in Sources */,
				0105FE6F17C65233005CAD4A /* ZAttributedString.m in Sources */,
				0105FE7317C65233005CAD4A /* ZFont.m in Sources */,
				0105FE7817C65233005CAD4A /* main.m in Sources */,
				0105FE7B17C65233005CAD4A /* AppDelegate.m in Sources */,
				0105FE7E17C65233005CAD4A /* RootViewController.m in Sources */,
				0105FE8117C65233005CAD4A /* HelloWorldLayer.m in Sources */,
			);
			runOnlyForDeploymentPostprocessing = 0;
		};
/* End PBXSourcesBuildPhase section */

/* Begin XCBuildConfiguration section */
		0105FE8317C65233005CAD4A /* Debug */ = {
			isa = XCBuildConfiguration;
			buildSettings = {
				ARCHS = "$(ARCHS_STANDARD_32_BIT)";
				"CODE_SIGN_IDENTITY[sdk=iphoneos*]" = "iPhone Developer";
				GCC_C_LANGUAGE_STANDARD = gnu99;
				GCC_OPTIMIZATION_LEVEL = 0;
				GCC_PREPROCESSOR_DEFINITIONS = (
					DEBUG,
					"COCOS2D_DEBUG=1",
				);
				GCC_SYMBOLS_PRIVATE_EXTERN = NO;
				GCC_VERSION = com.apple.compilers.llvmgcc42;
				GCC_WARN_ABOUT_RETURN_TYPE = YES;
				GCC_WARN_UNUSED_VARIABLE = YES;
				IPHONEOS_DEPLOYMENT_TARGET = 6.1;
				SDKROOT = iphoneos;
			};
			name = Debug;
		};
		0105FE8417C65233005CAD4A /* Release */ = {
			isa = XCBuildConfiguration;
			buildSettings = {
				ARCHS = "$(ARCHS_STANDARD_32_BIT)";
				"CODE_SIGN_IDENTITY[sdk=iphoneos*]" = "iPhone Developer";
				GCC_C_LANGUAGE_STANDARD = gnu99;
				GCC_PREPROCESSOR_DEFINITIONS = NDEBUG;
				GCC_VERSION = com.apple.compilers.llvmgcc42;
				GCC_WARN_ABOUT_RETURN_TYPE = YES;
				GCC_WARN_UNUSED_VARIABLE = YES;
				IPHONEOS_DEPLOYMENT_TARGET = 6.1;
				OTHER_CFLAGS = "-DNS_BLOCK_ASSERTIONS=1";
				SDKROOT = iphoneos;
			};
			name = Release;
		};
		0105FE8617C65233005CAD4A /* Debug */ = {
			isa = XCBuildConfiguration;
			buildSettings = {
				ALWAYS_SEARCH_USER_PATHS = NO;
				COPY_PHASE_STRIP = NO;
				GCC_DYNAMIC_NO_PIC = NO;
				GCC_PRECOMPILE_PREFIX_HEADER = YES;
				GCC_PREFIX_HEADER = ApportableCocosTTFTest/Prefix.pch;
				"GCC_THUMB_SUPPORT[arch=armv6]" = "";
				INFOPLIST_FILE = ApportableCocosTTFTest/Resources/Info.plist;
				OTHER_LDFLAGS = "-lz";
				PRODUCT_NAME = "$(TARGET_NAME)";
				WRAPPER_EXTENSION = app;
			};
			name = Debug;
		};
		0105FE8717C65233005CAD4A /* Release */ = {
			isa = XCBuildConfiguration;
			buildSettings = {
				ALWAYS_SEARCH_USER_PATHS = NO;
				COPY_PHASE_STRIP = YES;
				GCC_PRECOMPILE_PREFIX_HEADER = YES;
				GCC_PREFIX_HEADER = ApportableCocosTTFTest/Prefix.pch;
				"GCC_THUMB_SUPPORT[arch=armv6]" = "";
				INFOPLIST_FILE = ApportableCocosTTFTest/Resources/Info.plist;
				OTHER_LDFLAGS = "-lz";
				PRODUCT_NAME = "$(TARGET_NAME)";
				VALIDATE_PRODUCT = YES;
				WRAPPER_EXTENSION = app;
			};
			name = Release;
		};
/* End XCBuildConfiguration section */

/* Begin XCConfigurationList section */
		0105FD0C17C65231005CAD4A /* Build configuration list for PBXProject "ApportableCocosTTFTest" */ = {
			isa = XCConfigurationList;
			buildConfigurations = (
				0105FE8317C65233005CAD4A /* Debug */,
				0105FE8417C65233005CAD4A /* Release */,
			);
			defaultConfigurationIsVisible = 0;
			defaultConfigurationName = Release;
		};
		0105FE8517C65233005CAD4A /* Build configuration list for PBXNativeTarget "ApportableCocosTTFTest" */ = {
			isa = XCConfigurationList;
			buildConfigurations = (
				0105FE8617C65233005CAD4A /* Debug */,
				0105FE8717C65233005CAD4A /* Release */,
			);
			defaultConfigurationIsVisible = 0;
		};
/* End XCConfigurationList section */
	};
	rootObject = 0105FD0917C65231005CAD4A /* Project object */;
}
